
Microsoft Visual Studio Solution File, Format Version 11.00
# Visual Studio 2010
Project("{FAE04EC0-301F-11D3-BF4B-00C04F79EFBC}") = "My First Demo", "My First Demo\My First Demo.csproj", "{12915626-9945-4257-BDE2-12347771FE6A}"
EndProject
Project("{FAE04EC0-301F-11D3-BF4B-00C04F79EFBC}") = "My Second Demo", "My Second Demo\My Second Demo.csproj", "{43DD4D78-62C6-491B-B0F1-4CC78676FE26}"
EndProject
Project("{FAE04EC0-301F-11D3-BF4B-00C04F79EFBC}") = "_10交换变量", "ConsoleApplication1\_10交换变量.csproj", "{799887F2-D931-4919-9D5F-07C79B10BEDB}"
EndProject
Project("{FAE04EC0-301F-11D3-BF4B-00C04F79EFBC}") = "_占位符的使用", "ConsoleApplication2\_占位符的使用.csproj", "{259F2802-FF95-4FA7-A52F-F7440EC71F0B}"
EndProject
Project("{FAE04EC0-301F-11D3-BF4B-00C04F79EFBC}") = "_11接受用户输入", "_11接受用户输入\_11接受用户输入.csproj", "{42E49B62-AF6A-42B9-8768-FD86669D748D}"
EndProject
Project("{FAE04EC0-301F-11D3-BF4B-00C04F79EFBC}") = "_13转义符的使用", "_13转义符的使用\_13转义符的使用.csproj", "{AD140621-0BA2-4133-9C04-8A0152FD4908}"
EndProject
Project("{FAE04EC0-301F-11D3-BF4B-00C04F79EFBC}") = "_14运算符显示隐示转换", "_14运算符\_14运算符显示隐示转换.csproj", "{2D41ED5E-E3AB-4B62-BF9A-ABFE5E7452F3}"
EndProject
Project("{FAE04EC0-301F-11D3-BF4B-00C04F79EFBC}") = "_15运算符的学习", "_15运算符的学习\_15运算符的学习.csproj", "{467A9505-333A-427F-A681-A020E2544729}"
EndProject
Project("{FAE04EC0-301F-11D3-BF4B-00C04F79EFBC}") = "_异常捕获", "_异常捕获\_异常捕获.csproj", "{CC596201-9E7B-42F4-B8D1-8BD1AF7B2D14}"
EndProject
Project("{FAE04EC0-301F-11D3-BF4B-00C04F79EFBC}") = "_While循环练习", "_While循环练习\_While循环练习.csproj", "{79A02845-46A6-4A3F-92B7-968B7855788C}"
EndProject
Project("{FAE04EC0-301F-11D3-BF4B-00C04F79EFBC}") = "_输出99乘法表", "_输出99乘法表\_输出99乘法表.csproj", "{DD91BFBB-3F90-4EBB-AA04-BA4B0DE4BD3F}"
EndProject
Project("{FAE04EC0-301F-11D3-BF4B-00C04F79EFBC}") = "_寻找质数", "_寻找质数\_寻找质数.csproj", "{FA5D0100-3F36-4533-973C-1BF80EB0C012}"
EndProject
Project("{FAE04EC0-301F-11D3-BF4B-00C04F79EFBC}") = "_三元表达式", "_三元表达式\_三元表达式.csproj", "{0B41CC9E-618C-4288-81F5-37887120B941}"
EndProject
Project("{FAE04EC0-301F-11D3-BF4B-00C04F79EFBC}") = "_随机数生成", "_随机数生成\_随机数生成.csproj", "{5EA60A5D-3340-4101-AD53-32B055E5D01E}"
EndProject
Project("{FAE04EC0-301F-11D3-BF4B-00C04F79EFBC}") = "_枚举类型", "_枚举类型\_枚举类型.csproj", "{A2BCDF14-4028-4AA3-9A18-F0FBCA2FF336}"
EndProject
Project("{FAE04EC0-301F-11D3-BF4B-00C04F79EFBC}") = "_数组", "ConsoleApplication3\_数组.csproj", "{9EF4D1F9-7663-4128-BC15-90CD4EEC6D09}"
EndProject
Project("{FAE04EC0-301F-11D3-BF4B-00C04F79EFBC}") = "_方法的练习", "_方法的练习\_方法的练习.csproj", "{D73FA25D-546C-4266-80B9-1F8035218399}"
EndProject
Project("{FAE04EC0-301F-11D3-BF4B-00C04F79EFBC}") = "_Out参数练习1", "_Out参数练习1\_Out参数练习1.csproj", "{3AB9B1EA-7A04-4007-B381-6A2892ADBD16}"
EndProject
Project("{FAE04EC0-301F-11D3-BF4B-00C04F79EFBC}") = "_ref参数练习", "_ref参数练习\_ref参数练习.csproj", "{9EC75B2D-75C1-4287-91C0-EDF302DB6EAB}"
EndProject
Project("{FAE04EC0-301F-11D3-BF4B-00C04F79EFBC}") = "_params参数", "_params参数\_params参数.csproj", "{C3083AB7-7637-4531-A57A-17175227F60F}"
EndProject
Project("{FAE04EC0-301F-11D3-BF4B-00C04F79EFBC}") = "_方法的练习1", "_方法的练习1\_方法的练习1.csproj", "{1269D44C-757D-4FB4-83FD-CA3B5C03863B}"
EndProject
Project("{FAE04EC0-301F-11D3-BF4B-00C04F79EFBC}") = "_方法的练习2", "_方法的练习2\_方法的练习2.csproj", "{0A643F3E-A98D-45B6-80A6-B942065DF893}"
EndProject
Project("{FAE04EC0-301F-11D3-BF4B-00C04F79EFBC}") = "_方法的练习3", "_方法的练习3\_方法的练习3.csproj", "{A56241AE-3B99-4541-B203-F3547F3F3A92}"
EndProject
Project("{FAE04EC0-301F-11D3-BF4B-00C04F79EFBC}") = "_方法的练习4", "_方法的练习4\_方法的练习4.csproj", "{28FEACD4-8711-44E8-BB29-9FF33EB52EB3}"
EndProject
Project("{FAE04EC0-301F-11D3-BF4B-00C04F79EFBC}") = "_飞行棋项目", "_飞行棋项目\_飞行棋项目.csproj", "{5D12F5F2-6211-409D-8EC1-7D021BF189CB}"
EndProject
Project("{FAE04EC0-301F-11D3-BF4B-00C04F79EFBC}") = "_类的练习", "_类的练习\_类的练习.csproj", "{DC66E378-B8CC-4F35-9605-80CAB1258E82}"
EndProject
Project("{FAE04EC0-301F-11D3-BF4B-00C04F79EFBC}") = "_类的练习复习", "_类的练习复习\_类的练习复习.csproj", "{75A21CC2-59A1-4B70-8419-209AF89A346E}"
EndProject
Project("{FAE04EC0-301F-11D3-BF4B-00C04F79EFBC}") = "_命名空间", "_命名空间\_命名空间.csproj", "{9303537F-89A7-4492-82D5-BF723EB80D5F}"
EndProject
Project("{FAE04EC0-301F-11D3-BF4B-00C04F79EFBC}") = "_字符串的各种方法", "_字符串的各种方法\_字符串的各种方法.csproj", "{BDAD78EB-A07A-4557-B371-D1525D352D57}"
EndProject
Project("{FAE04EC0-301F-11D3-BF4B-00C04F79EFBC}") = "_字符串的复习", "_字符串的复习\_字符串的复习.csproj", "{1CC6DA22-DCB7-4B6E-92B9-088E9D46DBBD}"
EndProject
Project("{FAE04EC0-301F-11D3-BF4B-00C04F79EFBC}") = "_课上练习", "_课上练习\_课上练习.csproj", "{1FABE516-FF21-4ADE-B4F3-B0624285C59F}"
EndProject
Project("{FAE04EC0-301F-11D3-BF4B-00C04F79EFBC}") = "_类的继承", "_类的继承\_类的继承.csproj", "{1C9CE05A-5A98-4180-ADC8-574CE9814918}"
EndProject
Project("{FAE04EC0-301F-11D3-BF4B-00C04F79EFBC}") = "_里氏转换", "_里氏转换\_里氏转换.csproj", "{B2B1AE48-9F1F-4799-AC82-D9D8ECBCE477}"
EndProject
Project("{FAE04EC0-301F-11D3-BF4B-00C04F79EFBC}") = "_ArrayList练习", "_ArrayList练习\_ArrayList练习.csproj", "{6BA2A161-1DDF-4284-A9D3-EAC48959FBAF}"
EndProject
Project("{FAE04EC0-301F-11D3-BF4B-00C04F79EFBC}") = "_键值对集合", "_键值对集合\_键值对集合.csproj", "{65EF4687-83BC-4C5D-AE14-D5D6C3F2DFDB}"
EndProject
Project("{FAE04EC0-301F-11D3-BF4B-00C04F79EFBC}") = "_简体繁体转换", "_简体繁体转换\_简体繁体转换.csproj", "{0926C3A1-F68E-4123-AFF8-3E216AA0F9D4}"
EndProject
Project("{FAE04EC0-301F-11D3-BF4B-00C04F79EFBC}") = "_File+Path", "_File+Path\_File+Path.csproj", "{0D52A020-CB71-4B7C-9944-829B5BB7649A}"
EndProject
Project("{FAE04EC0-301F-11D3-BF4B-00C04F79EFBC}") = "_File练习", "_File练习\_File练习.csproj", "{44EAF9F3-E662-4E84-AE9D-91FDEF3B7BEF}"
EndProject
Project("{FAE04EC0-301F-11D3-BF4B-00C04F79EFBC}") = "_List泛型集合", "_List泛型集合\_List泛型集合.csproj", "{66894CAE-EF36-4E24-8DE7-7C09B2175A68}"
EndProject
Project("{FAE04EC0-301F-11D3-BF4B-00C04F79EFBC}") = "_泛型集合练习", "_泛型集合练习\_泛型集合练习.csproj", "{6318FDEC-A0A7-4270-ACA1-96174AFE4218}"
EndProject
Project("{FAE04EC0-301F-11D3-BF4B-00C04F79EFBC}") = "_字典集合", "_字典集合\_字典集合.csproj", "{FCE8B2ED-EFB8-4F5B-AE8C-EB585BE7B2A8}"
EndProject
Project("{FAE04EC0-301F-11D3-BF4B-00C04F79EFBC}") = "_文件流", "_文件流\_文件流.csproj", "{1D3B1CF2-C1CD-4C78-BF26-734FED9A6325}"
EndProject
Project("{FAE04EC0-301F-11D3-BF4B-00C04F79EFBC}") = "_FileStream读取多媒体文件", "_FileStream读取多媒体文件\_FileStream读取多媒体文件.csproj", "{95923CF6-D308-4EE0-9A2D-BA91668D7CCE}"
EndProject
Project("{FAE04EC0-301F-11D3-BF4B-00C04F79EFBC}") = "_StreamRead+Write", "_StreamRead+Write\_StreamRead+Write.csproj", "{C0D95B10-5549-45F0-B1DD-344FB14ED827}"
EndProject
Project("{FAE04EC0-301F-11D3-BF4B-00C04F79EFBC}") = "_虚方法的练习", "_虚方法的练习\_虚方法的练习.csproj", "{D3F7B848-3B5D-4FEC-9E14-116E73AF1FC4}"
EndProject
Project("{FAE04EC0-301F-11D3-BF4B-00C04F79EFBC}") = "_多态的练习", "_多态的练习\_多态的练习.csproj", "{285050CD-AEA4-400A-889D-0F8903517699}"
EndProject
Project("{FAE04EC0-301F-11D3-BF4B-00C04F79EFBC}") = "_模拟移动硬盘_U盘_MP3插入电脑", "_模拟移动硬盘_U盘_MP3插入电脑\_模拟移动硬盘_U盘_MP3插入电脑.csproj", "{2110C905-D727-48D6-B67F-43AF423DA83E}"
EndProject
Project("{FAE04EC0-301F-11D3-BF4B-00C04F79EFBC}") = "_软件设计模式简单工厂", "_软件设计模式简单工厂\_软件设计模式简单工厂.csproj", "{ADE99FBD-2F8A-460F-8218-C03A2F8E8293}"
EndProject
Project("{FAE04EC0-301F-11D3-BF4B-00C04F79EFBC}") = "_序列化和反序列化", "_序列化和反序列化\_序列化和反序列化.csproj", "{F1941498-E491-4DB0-BF06-ADFDF801509C}"
EndProject
Project("{FAE04EC0-301F-11D3-BF4B-00C04F79EFBC}") = "_部分类和密封类", "_部分类和密封类\_部分类和密封类.csproj", "{85C47F89-9208-4D2C-ACD7-6F651D5B6C4B}"
EndProject
Project("{FAE04EC0-301F-11D3-BF4B-00C04F79EFBC}") = "_重写ToString方法", "_重写ToString方法\_重写ToString方法.csproj", "{93E11361-ADD7-4572-A3D8-875E92A5A35A}"
EndProject
Project("{FAE04EC0-301F-11D3-BF4B-00C04F79EFBC}") = "_接口练习", "_接口练习\_接口练习.csproj", "{4C864BD0-8A32-4AF2-8B52-B090248C3FD5}"
EndProject
Project("{FAE04EC0-301F-11D3-BF4B-00C04F79EFBC}") = "_显示调用接口", "_显示调用接口\_显示调用接口.csproj", "{EC2DE060-64C2-4D00-ABDE-3FCEDA045336}"
EndProject
Project("{FAE04EC0-301F-11D3-BF4B-00C04F79EFBC}") = "_超市收银项目", "_超市收银项目\_超市收银项目.csproj", "{EDBABFD6-86E7-4C59-9A0F-A389D58DBB55}"
EndProject
Project("{FAE04EC0-301F-11D3-BF4B-00C04F79EFBC}") = "_超市收银项目练习一遍", "_超市收银项目练习一遍\_超市收银项目练习一遍.csproj", "{E860FA3D-C4CD-40C4-AB43-7BD6042664A2}"
EndProject
Project("{FAE04EC0-301F-11D3-BF4B-00C04F79EFBC}") = "_超市收银项目练习第二遍", "_超市收银项目练习第二遍\_超市收银项目练习第二遍.csproj", "{625F9703-B5FA-46F2-8BC8-15FD34433CEB}"
EndProject
Project("{FAE04EC0-301F-11D3-BF4B-00C04F79EFBC}") = "_MD5", "_MD5\_MD5.csproj", "{95DE875F-FF73-47DC-9619-2E3449C2A1AB}"
EndProject
Global
	GlobalSection(SolutionConfigurationPlatforms) = preSolution
		Debug|x86 = Debug|x86
		Release|x86 = Release|x86
	EndGlobalSection
	GlobalSection(ProjectConfigurationPlatforms) = postSolution
		{12915626-9945-4257-BDE2-12347771FE6A}.Debug|x86.ActiveCfg = Debug|x86
		{12915626-9945-4257-BDE2-12347771FE6A}.Debug|x86.Build.0 = Debug|x86
		{12915626-9945-4257-BDE2-12347771FE6A}.Release|x86.ActiveCfg = Release|x86
		{12915626-9945-4257-BDE2-12347771FE6A}.Release|x86.Build.0 = Release|x86
		{43DD4D78-62C6-491B-B0F1-4CC78676FE26}.Debug|x86.ActiveCfg = Debug|x86
		{43DD4D78-62C6-491B-B0F1-4CC78676FE26}.Debug|x86.Build.0 = Debug|x86
		{43DD4D78-62C6-491B-B0F1-4CC78676FE26}.Release|x86.ActiveCfg = Release|x86
		{43DD4D78-62C6-491B-B0F1-4CC78676FE26}.Release|x86.Build.0 = Release|x86
		{799887F2-D931-4919-9D5F-07C79B10BEDB}.Debug|x86.ActiveCfg = Debug|x86
		{799887F2-D931-4919-9D5F-07C79B10BEDB}.Debug|x86.Build.0 = Debug|x86
		{799887F2-D931-4919-9D5F-07C79B10BEDB}.Release|x86.ActiveCfg = Release|x86
		{799887F2-D931-4919-9D5F-07C79B10BEDB}.Release|x86.Build.0 = Release|x86
		{259F2802-FF95-4FA7-A52F-F7440EC71F0B}.Debug|x86.ActiveCfg = Debug|x86
		{259F2802-FF95-4FA7-A52F-F7440EC71F0B}.Debug|x86.Build.0 = Debug|x86
		{259F2802-FF95-4FA7-A52F-F7440EC71F0B}.Release|x86.ActiveCfg = Release|x86
		{259F2802-FF95-4FA7-A52F-F7440EC71F0B}.Release|x86.Build.0 = Release|x86
		{42E49B62-AF6A-42B9-8768-FD86669D748D}.Debug|x86.ActiveCfg = Debug|x86
		{42E49B62-AF6A-42B9-8768-FD86669D748D}.Debug|x86.Build.0 = Debug|x86
		{42E49B62-AF6A-42B9-8768-FD86669D748D}.Release|x86.ActiveCfg = Release|x86
		{42E49B62-AF6A-42B9-8768-FD86669D748D}.Release|x86.Build.0 = Release|x86
		{AD140621-0BA2-4133-9C04-8A0152FD4908}.Debug|x86.ActiveCfg = Debug|x86
		{AD140621-0BA2-4133-9C04-8A0152FD4908}.Debug|x86.Build.0 = Debug|x86
		{AD140621-0BA2-4133-9C04-8A0152FD4908}.Release|x86.ActiveCfg = Release|x86
		{AD140621-0BA2-4133-9C04-8A0152FD4908}.Release|x86.Build.0 = Release|x86
		{2D41ED5E-E3AB-4B62-BF9A-ABFE5E7452F3}.Debug|x86.ActiveCfg = Debug|x86
		{2D41ED5E-E3AB-4B62-BF9A-ABFE5E7452F3}.Debug|x86.Build.0 = Debug|x86
		{2D41ED5E-E3AB-4B62-BF9A-ABFE5E7452F3}.Release|x86.ActiveCfg = Release|x86
		{2D41ED5E-E3AB-4B62-BF9A-ABFE5E7452F3}.Release|x86.Build.0 = Release|x86
		{467A9505-333A-427F-A681-A020E2544729}.Debug|x86.ActiveCfg = Debug|x86
		{467A9505-333A-427F-A681-A020E2544729}.Debug|x86.Build.0 = Debug|x86
		{467A9505-333A-427F-A681-A020E2544729}.Release|x86.ActiveCfg = Release|x86
		{467A9505-333A-427F-A681-A020E2544729}.Release|x86.Build.0 = Release|x86
		{CC596201-9E7B-42F4-B8D1-8BD1AF7B2D14}.Debug|x86.ActiveCfg = Debug|x86
		{CC596201-9E7B-42F4-B8D1-8BD1AF7B2D14}.Debug|x86.Build.0 = Debug|x86
		{CC596201-9E7B-42F4-B8D1-8BD1AF7B2D14}.Release|x86.ActiveCfg = Release|x86
		{CC596201-9E7B-42F4-B8D1-8BD1AF7B2D14}.Release|x86.Build.0 = Release|x86
		{79A02845-46A6-4A3F-92B7-968B7855788C}.Debug|x86.ActiveCfg = Debug|x86
		{79A02845-46A6-4A3F-92B7-968B7855788C}.Debug|x86.Build.0 = Debug|x86
		{79A02845-46A6-4A3F-92B7-968B7855788C}.Release|x86.ActiveCfg = Release|x86
		{79A02845-46A6-4A3F-92B7-968B7855788C}.Release|x86.Build.0 = Release|x86
		{DD91BFBB-3F90-4EBB-AA04-BA4B0DE4BD3F}.Debug|x86.ActiveCfg = Debug|x86
		{DD91BFBB-3F90-4EBB-AA04-BA4B0DE4BD3F}.Debug|x86.Build.0 = Debug|x86
		{DD91BFBB-3F90-4EBB-AA04-BA4B0DE4BD3F}.Release|x86.ActiveCfg = Release|x86
		{DD91BFBB-3F90-4EBB-AA04-BA4B0DE4BD3F}.Release|x86.Build.0 = Release|x86
		{FA5D0100-3F36-4533-973C-1BF80EB0C012}.Debug|x86.ActiveCfg = Debug|x86
		{FA5D0100-3F36-4533-973C-1BF80EB0C012}.Debug|x86.Build.0 = Debug|x86
		{FA5D0100-3F36-4533-973C-1BF80EB0C012}.Release|x86.ActiveCfg = Release|x86
		{FA5D0100-3F36-4533-973C-1BF80EB0C012}.Release|x86.Build.0 = Release|x86
		{0B41CC9E-618C-4288-81F5-37887120B941}.Debug|x86.ActiveCfg = Debug|x86
		{0B41CC9E-618C-4288-81F5-37887120B941}.Debug|x86.Build.0 = Debug|x86
		{0B41CC9E-618C-4288-81F5-37887120B941}.Release|x86.ActiveCfg = Release|x86
		{0B41CC9E-618C-4288-81F5-37887120B941}.Release|x86.Build.0 = Release|x86
		{5EA60A5D-3340-4101-AD53-32B055E5D01E}.Debug|x86.ActiveCfg = Debug|x86
		{5EA60A5D-3340-4101-AD53-32B055E5D01E}.Debug|x86.Build.0 = Debug|x86
		{5EA60A5D-3340-4101-AD53-32B055E5D01E}.Release|x86.ActiveCfg = Release|x86
		{5EA60A5D-3340-4101-AD53-32B055E5D01E}.Release|x86.Build.0 = Release|x86
		{A2BCDF14-4028-4AA3-9A18-F0FBCA2FF336}.Debug|x86.ActiveCfg = Debug|x86
		{A2BCDF14-4028-4AA3-9A18-F0FBCA2FF336}.Debug|x86.Build.0 = Debug|x86
		{A2BCDF14-4028-4AA3-9A18-F0FBCA2FF336}.Release|x86.ActiveCfg = Release|x86
		{A2BCDF14-4028-4AA3-9A18-F0FBCA2FF336}.Release|x86.Build.0 = Release|x86
		{9EF4D1F9-7663-4128-BC15-90CD4EEC6D09}.Debug|x86.ActiveCfg = Debug|x86
		{9EF4D1F9-7663-4128-BC15-90CD4EEC6D09}.Debug|x86.Build.0 = Debug|x86
		{9EF4D1F9-7663-4128-BC15-90CD4EEC6D09}.Release|x86.ActiveCfg = Release|x86
		{9EF4D1F9-7663-4128-BC15-90CD4EEC6D09}.Release|x86.Build.0 = Release|x86
		{D73FA25D-546C-4266-80B9-1F8035218399}.Debug|x86.ActiveCfg = Debug|x86
		{D73FA25D-546C-4266-80B9-1F8035218399}.Debug|x86.Build.0 = Debug|x86
		{D73FA25D-546C-4266-80B9-1F8035218399}.Release|x86.ActiveCfg = Release|x86
		{D73FA25D-546C-4266-80B9-1F8035218399}.Release|x86.Build.0 = Release|x86
		{3AB9B1EA-7A04-4007-B381-6A2892ADBD16}.Debug|x86.ActiveCfg = Debug|x86
		{3AB9B1EA-7A04-4007-B381-6A2892ADBD16}.Debug|x86.Build.0 = Debug|x86
		{3AB9B1EA-7A04-4007-B381-6A2892ADBD16}.Release|x86.ActiveCfg = Release|x86
		{3AB9B1EA-7A04-4007-B381-6A2892ADBD16}.Release|x86.Build.0 = Release|x86
		{9EC75B2D-75C1-4287-91C0-EDF302DB6EAB}.Debug|x86.ActiveCfg = Debug|x86
		{9EC75B2D-75C1-4287-91C0-EDF302DB6EAB}.Debug|x86.Build.0 = Debug|x86
		{9EC75B2D-75C1-4287-91C0-EDF302DB6EAB}.Release|x86.ActiveCfg = Release|x86
		{9EC75B2D-75C1-4287-91C0-EDF302DB6EAB}.Release|x86.Build.0 = Release|x86
		{C3083AB7-7637-4531-A57A-17175227F60F}.Debug|x86.ActiveCfg = Debug|x86
		{C3083AB7-7637-4531-A57A-17175227F60F}.Debug|x86.Build.0 = Debug|x86
		{C3083AB7-7637-4531-A57A-17175227F60F}.Release|x86.ActiveCfg = Release|x86
		{C3083AB7-7637-4531-A57A-17175227F60F}.Release|x86.Build.0 = Release|x86
		{1269D44C-757D-4FB4-83FD-CA3B5C03863B}.Debug|x86.ActiveCfg = Debug|x86
		{1269D44C-757D-4FB4-83FD-CA3B5C03863B}.Debug|x86.Build.0 = Debug|x86
		{1269D44C-757D-4FB4-83FD-CA3B5C03863B}.Release|x86.ActiveCfg = Release|x86
		{1269D44C-757D-4FB4-83FD-CA3B5C03863B}.Release|x86.Build.0 = Release|x86
		{0A643F3E-A98D-45B6-80A6-B942065DF893}.Debug|x86.ActiveCfg = Debug|x86
		{0A643F3E-A98D-45B6-80A6-B942065DF893}.Debug|x86.Build.0 = Debug|x86
		{0A643F3E-A98D-45B6-80A6-B942065DF893}.Release|x86.ActiveCfg = Release|x86
		{0A643F3E-A98D-45B6-80A6-B942065DF893}.Release|x86.Build.0 = Release|x86
		{A56241AE-3B99-4541-B203-F3547F3F3A92}.Debug|x86.ActiveCfg = Debug|x86
		{A56241AE-3B99-4541-B203-F3547F3F3A92}.Debug|x86.Build.0 = Debug|x86
		{A56241AE-3B99-4541-B203-F3547F3F3A92}.Release|x86.ActiveCfg = Release|x86
		{A56241AE-3B99-4541-B203-F3547F3F3A92}.Release|x86.Build.0 = Release|x86
		{28FEACD4-8711-44E8-BB29-9FF33EB52EB3}.Debug|x86.ActiveCfg = Debug|x86
		{28FEACD4-8711-44E8-BB29-9FF33EB52EB3}.Debug|x86.Build.0 = Debug|x86
		{28FEACD4-8711-44E8-BB29-9FF33EB52EB3}.Release|x86.ActiveCfg = Release|x86
		{28FEACD4-8711-44E8-BB29-9FF33EB52EB3}.Release|x86.Build.0 = Release|x86
		{5D12F5F2-6211-409D-8EC1-7D021BF189CB}.Debug|x86.ActiveCfg = Debug|x86
		{5D12F5F2-6211-409D-8EC1-7D021BF189CB}.Debug|x86.Build.0 = Debug|x86
		{5D12F5F2-6211-409D-8EC1-7D021BF189CB}.Release|x86.ActiveCfg = Release|x86
		{5D12F5F2-6211-409D-8EC1-7D021BF189CB}.Release|x86.Build.0 = Release|x86
		{DC66E378-B8CC-4F35-9605-80CAB1258E82}.Debug|x86.ActiveCfg = Debug|x86
		{DC66E378-B8CC-4F35-9605-80CAB1258E82}.Debug|x86.Build.0 = Debug|x86
		{DC66E378-B8CC-4F35-9605-80CAB1258E82}.Release|x86.ActiveCfg = Release|x86
		{DC66E378-B8CC-4F35-9605-80CAB1258E82}.Release|x86.Build.0 = Release|x86
		{75A21CC2-59A1-4B70-8419-209AF89A346E}.Debug|x86.ActiveCfg = Debug|x86
		{75A21CC2-59A1-4B70-8419-209AF89A346E}.Debug|x86.Build.0 = Debug|x86
		{75A21CC2-59A1-4B70-8419-209AF89A346E}.Release|x86.ActiveCfg = Release|x86
		{75A21CC2-59A1-4B70-8419-209AF89A346E}.Release|x86.Build.0 = Release|x86
		{9303537F-89A7-4492-82D5-BF723EB80D5F}.Debug|x86.ActiveCfg = Debug|x86
		{9303537F-89A7-4492-82D5-BF723EB80D5F}.Debug|x86.Build.0 = Debug|x86
		{9303537F-89A7-4492-82D5-BF723EB80D5F}.Release|x86.ActiveCfg = Release|x86
		{9303537F-89A7-4492-82D5-BF723EB80D5F}.Release|x86.Build.0 = Release|x86
		{BDAD78EB-A07A-4557-B371-D1525D352D57}.Debug|x86.ActiveCfg = Debug|x86
		{BDAD78EB-A07A-4557-B371-D1525D352D57}.Debug|x86.Build.0 = Debug|x86
		{BDAD78EB-A07A-4557-B371-D1525D352D57}.Release|x86.ActiveCfg = Release|x86
		{BDAD78EB-A07A-4557-B371-D1525D352D57}.Release|x86.Build.0 = Release|x86
		{1CC6DA22-DCB7-4B6E-92B9-088E9D46DBBD}.Debug|x86.ActiveCfg = Debug|x86
		{1CC6DA22-DCB7-4B6E-92B9-088E9D46DBBD}.Debug|x86.Build.0 = Debug|x86
		{1CC6DA22-DCB7-4B6E-92B9-088E9D46DBBD}.Release|x86.ActiveCfg = Release|x86
		{1CC6DA22-DCB7-4B6E-92B9-088E9D46DBBD}.Release|x86.Build.0 = Release|x86
		{1FABE516-FF21-4ADE-B4F3-B0624285C59F}.Debug|x86.ActiveCfg = Debug|x86
		{1FABE516-FF21-4ADE-B4F3-B0624285C59F}.Debug|x86.Build.0 = Debug|x86
		{1FABE516-FF21-4ADE-B4F3-B0624285C59F}.Release|x86.ActiveCfg = Release|x86
		{1FABE516-FF21-4ADE-B4F3-B0624285C59F}.Release|x86.Build.0 = Release|x86
		{1C9CE05A-5A98-4180-ADC8-574CE9814918}.Debug|x86.ActiveCfg = Debug|x86
		{1C9CE05A-5A98-4180-ADC8-574CE9814918}.Debug|x86.Build.0 = Debug|x86
		{1C9CE05A-5A98-4180-ADC8-574CE9814918}.Release|x86.ActiveCfg = Release|x86
		{1C9CE05A-5A98-4180-ADC8-574CE9814918}.Release|x86.Build.0 = Release|x86
		{B2B1AE48-9F1F-4799-AC82-D9D8ECBCE477}.Debug|x86.ActiveCfg = Debug|x86
		{B2B1AE48-9F1F-4799-AC82-D9D8ECBCE477}.Debug|x86.Build.0 = Debug|x86
		{B2B1AE48-9F1F-4799-AC82-D9D8ECBCE477}.Release|x86.ActiveCfg = Release|x86
		{B2B1AE48-9F1F-4799-AC82-D9D8ECBCE477}.Release|x86.Build.0 = Release|x86
		{6BA2A161-1DDF-4284-A9D3-EAC48959FBAF}.Debug|x86.ActiveCfg = Debug|x86
		{6BA2A161-1DDF-4284-A9D3-EAC48959FBAF}.Debug|x86.Build.0 = Debug|x86
		{6BA2A161-1DDF-4284-A9D3-EAC48959FBAF}.Release|x86.ActiveCfg = Release|x86
		{6BA2A161-1DDF-4284-A9D3-EAC48959FBAF}.Release|x86.Build.0 = Release|x86
		{65EF4687-83BC-4C5D-AE14-D5D6C3F2DFDB}.Debug|x86.ActiveCfg = Debug|x86
		{65EF4687-83BC-4C5D-AE14-D5D6C3F2DFDB}.Debug|x86.Build.0 = Debug|x86
		{65EF4687-83BC-4C5D-AE14-D5D6C3F2DFDB}.Release|x86.ActiveCfg = Release|x86
		{65EF4687-83BC-4C5D-AE14-D5D6C3F2DFDB}.Release|x86.Build.0 = Release|x86
		{0926C3A1-F68E-4123-AFF8-3E216AA0F9D4}.Debug|x86.ActiveCfg = Debug|x86
		{0926C3A1-F68E-4123-AFF8-3E216AA0F9D4}.Debug|x86.Build.0 = Debug|x86
		{0926C3A1-F68E-4123-AFF8-3E216AA0F9D4}.Release|x86.ActiveCfg = Release|x86
		{0926C3A1-F68E-4123-AFF8-3E216AA0F9D4}.Release|x86.Build.0 = Release|x86
		{0D52A020-CB71-4B7C-9944-829B5BB7649A}.Debug|x86.ActiveCfg = Debug|x86
		{0D52A020-CB71-4B7C-9944-829B5BB7649A}.Debug|x86.Build.0 = Debug|x86
		{0D52A020-CB71-4B7C-9944-829B5BB7649A}.Release|x86.ActiveCfg = Release|x86
		{0D52A020-CB71-4B7C-9944-829B5BB7649A}.Release|x86.Build.0 = Release|x86
		{44EAF9F3-E662-4E84-AE9D-91FDEF3B7BEF}.Debug|x86.ActiveCfg = Debug|x86
		{44EAF9F3-E662-4E84-AE9D-91FDEF3B7BEF}.Debug|x86.Build.0 = Debug|x86
		{44EAF9F3-E662-4E84-AE9D-91FDEF3B7BEF}.Release|x86.ActiveCfg = Release|x86
		{44EAF9F3-E662-4E84-AE9D-91FDEF3B7BEF}.Release|x86.Build.0 = Release|x86
		{66894CAE-EF36-4E24-8DE7-7C09B2175A68}.Debug|x86.ActiveCfg = Debug|x86
		{66894CAE-EF36-4E24-8DE7-7C09B2175A68}.Debug|x86.Build.0 = Debug|x86
		{66894CAE-EF36-4E24-8DE7-7C09B2175A68}.Release|x86.ActiveCfg = Release|x86
		{66894CAE-EF36-4E24-8DE7-7C09B2175A68}.Release|x86.Build.0 = Release|x86
		{6318FDEC-A0A7-4270-ACA1-96174AFE4218}.Debug|x86.ActiveCfg = Debug|x86
		{6318FDEC-A0A7-4270-ACA1-96174AFE4218}.Debug|x86.Build.0 = Debug|x86
		{6318FDEC-A0A7-4270-ACA1-96174AFE4218}.Release|x86.ActiveCfg = Release|x86
		{6318FDEC-A0A7-4270-ACA1-96174AFE4218}.Release|x86.Build.0 = Release|x86
		{FCE8B2ED-EFB8-4F5B-AE8C-EB585BE7B2A8}.Debug|x86.ActiveCfg = Debug|x86
		{FCE8B2ED-EFB8-4F5B-AE8C-EB585BE7B2A8}.Debug|x86.Build.0 = Debug|x86
		{FCE8B2ED-EFB8-4F5B-AE8C-EB585BE7B2A8}.Release|x86.ActiveCfg = Release|x86
		{FCE8B2ED-EFB8-4F5B-AE8C-EB585BE7B2A8}.Release|x86.Build.0 = Release|x86
		{1D3B1CF2-C1CD-4C78-BF26-734FED9A6325}.Debug|x86.ActiveCfg = Debug|x86
		{1D3B1CF2-C1CD-4C78-BF26-734FED9A6325}.Debug|x86.Build.0 = Debug|x86
		{1D3B1CF2-C1CD-4C78-BF26-734FED9A6325}.Release|x86.ActiveCfg = Release|x86
		{1D3B1CF2-C1CD-4C78-BF26-734FED9A6325}.Release|x86.Build.0 = Release|x86
		{95923CF6-D308-4EE0-9A2D-BA91668D7CCE}.Debug|x86.ActiveCfg = Debug|x86
		{95923CF6-D308-4EE0-9A2D-BA91668D7CCE}.Debug|x86.Build.0 = Debug|x86
		{95923CF6-D308-4EE0-9A2D-BA91668D7CCE}.Release|x86.ActiveCfg = Release|x86
		{95923CF6-D308-4EE0-9A2D-BA91668D7CCE}.Release|x86.Build.0 = Release|x86
		{C0D95B10-5549-45F0-B1DD-344FB14ED827}.Debug|x86.ActiveCfg = Debug|x86
		{C0D95B10-5549-45F0-B1DD-344FB14ED827}.Debug|x86.Build.0 = Debug|x86
		{C0D95B10-5549-45F0-B1DD-344FB14ED827}.Release|x86.ActiveCfg = Release|x86
		{C0D95B10-5549-45F0-B1DD-344FB14ED827}.Release|x86.Build.0 = Release|x86
		{D3F7B848-3B5D-4FEC-9E14-116E73AF1FC4}.Debug|x86.ActiveCfg = Debug|x86
		{D3F7B848-3B5D-4FEC-9E14-116E73AF1FC4}.Debug|x86.Build.0 = Debug|x86
		{D3F7B848-3B5D-4FEC-9E14-116E73AF1FC4}.Release|x86.ActiveCfg = Release|x86
		{D3F7B848-3B5D-4FEC-9E14-116E73AF1FC4}.Release|x86.Build.0 = Release|x86
		{285050CD-AEA4-400A-889D-0F8903517699}.Debug|x86.ActiveCfg = Debug|x86
		{285050CD-AEA4-400A-889D-0F8903517699}.Debug|x86.Build.0 = Debug|x86
		{285050CD-AEA4-400A-889D-0F8903517699}.Release|x86.ActiveCfg = Release|x86
		{285050CD-AEA4-400A-889D-0F8903517699}.Release|x86.Build.0 = Release|x86
		{2110C905-D727-48D6-B67F-43AF423DA83E}.Debug|x86.ActiveCfg = Debug|x86
		{2110C905-D727-48D6-B67F-43AF423DA83E}.Debug|x86.Build.0 = Debug|x86
		{2110C905-D727-48D6-B67F-43AF423DA83E}.Release|x86.ActiveCfg = Release|x86
		{2110C905-D727-48D6-B67F-43AF423DA83E}.Release|x86.Build.0 = Release|x86
		{ADE99FBD-2F8A-460F-8218-C03A2F8E8293}.Debug|x86.ActiveCfg = Debug|x86
		{ADE99FBD-2F8A-460F-8218-C03A2F8E8293}.Debug|x86.Build.0 = Debug|x86
		{ADE99FBD-2F8A-460F-8218-C03A2F8E8293}.Release|x86.ActiveCfg = Release|x86
		{ADE99FBD-2F8A-460F-8218-C03A2F8E8293}.Release|x86.Build.0 = Release|x86
		{F1941498-E491-4DB0-BF06-ADFDF801509C}.Debug|x86.ActiveCfg = Debug|x86
		{F1941498-E491-4DB0-BF06-ADFDF801509C}.Debug|x86.Build.0 = Debug|x86
		{F1941498-E491-4DB0-BF06-ADFDF801509C}.Release|x86.ActiveCfg = Release|x86
		{F1941498-E491-4DB0-BF06-ADFDF801509C}.Release|x86.Build.0 = Release|x86
		{85C47F89-9208-4D2C-ACD7-6F651D5B6C4B}.Debug|x86.ActiveCfg = Debug|x86
		{85C47F89-9208-4D2C-ACD7-6F651D5B6C4B}.Debug|x86.Build.0 = Debug|x86
		{85C47F89-9208-4D2C-ACD7-6F651D5B6C4B}.Release|x86.ActiveCfg = Release|x86
		{85C47F89-9208-4D2C-ACD7-6F651D5B6C4B}.Release|x86.Build.0 = Release|x86
		{93E11361-ADD7-4572-A3D8-875E92A5A35A}.Debug|x86.ActiveCfg = Debug|x86
		{93E11361-ADD7-4572-A3D8-875E92A5A35A}.Debug|x86.Build.0 = Debug|x86
		{93E11361-ADD7-4572-A3D8-875E92A5A35A}.Release|x86.ActiveCfg = Release|x86
		{93E11361-ADD7-4572-A3D8-875E92A5A35A}.Release|x86.Build.0 = Release|x86
		{4C864BD0-8A32-4AF2-8B52-B090248C3FD5}.Debug|x86.ActiveCfg = Debug|x86
		{4C864BD0-8A32-4AF2-8B52-B090248C3FD5}.Debug|x86.Build.0 = Debug|x86
		{4C864BD0-8A32-4AF2-8B52-B090248C3FD5}.Release|x86.ActiveCfg = Release|x86
		{4C864BD0-8A32-4AF2-8B52-B090248C3FD5}.Release|x86.Build.0 = Release|x86
		{EC2DE060-64C2-4D00-ABDE-3FCEDA045336}.Debug|x86.ActiveCfg = Debug|x86
		{EC2DE060-64C2-4D00-ABDE-3FCEDA045336}.Debug|x86.Build.0 = Debug|x86
		{EC2DE060-64C2-4D00-ABDE-3FCEDA045336}.Release|x86.ActiveCfg = Release|x86
		{EC2DE060-64C2-4D00-ABDE-3FCEDA045336}.Release|x86.Build.0 = Release|x86
		{EDBABFD6-86E7-4C59-9A0F-A389D58DBB55}.Debug|x86.ActiveCfg = Debug|x86
		{EDBABFD6-86E7-4C59-9A0F-A389D58DBB55}.Debug|x86.Build.0 = Debug|x86
		{EDBABFD6-86E7-4C59-9A0F-A389D58DBB55}.Release|x86.ActiveCfg = Release|x86
		{EDBABFD6-86E7-4C59-9A0F-A389D58DBB55}.Release|x86.Build.0 = Release|x86
		{E860FA3D-C4CD-40C4-AB43-7BD6042664A2}.Debug|x86.ActiveCfg = Debug|x86
		{E860FA3D-C4CD-40C4-AB43-7BD6042664A2}.Debug|x86.Build.0 = Debug|x86
		{E860FA3D-C4CD-40C4-AB43-7BD6042664A2}.Release|x86.ActiveCfg = Release|x86
		{E860FA3D-C4CD-40C4-AB43-7BD6042664A2}.Release|x86.Build.0 = Release|x86
		{625F9703-B5FA-46F2-8BC8-15FD34433CEB}.Debug|x86.ActiveCfg = Debug|x86
		{625F9703-B5FA-46F2-8BC8-15FD34433CEB}.Debug|x86.Build.0 = Debug|x86
		{625F9703-B5FA-46F2-8BC8-15FD34433CEB}.Release|x86.ActiveCfg = Release|x86
		{625F9703-B5FA-46F2-8BC8-15FD34433CEB}.Release|x86.Build.0 = Release|x86
		{95DE875F-FF73-47DC-9619-2E3449C2A1AB}.Debug|x86.ActiveCfg = Debug|x86
		{95DE875F-FF73-47DC-9619-2E3449C2A1AB}.Debug|x86.Build.0 = Debug|x86
		{95DE875F-FF73-47DC-9619-2E3449C2A1AB}.Release|x86.ActiveCfg = Release|x86
		{95DE875F-FF73-47DC-9619-2E3449C2A1AB}.Release|x86.Build.0 = Release|x86
	EndGlobalSection
	GlobalSection(SolutionProperties) = preSolution
		HideSolutionNode = FALSE
	EndGlobalSection
EndGlobal
