
Microsoft Visual Studio Solution File, Format Version 12.00
# Visual Studio 2013
VisualStudioVersion = 12.0.40629.0
MinimumVisualStudioVersion = 10.0.40219.1
Project("{FAE04EC0-301F-11D3-BF4B-00C04F79EFBC}") = "00_NewMVCProj", "00_NewMVCProj\00_NewMVCProj.csproj", "{4B486AF7-7D4F-4A0D-B22E-F9E5B5411B88}"
EndProject
Project("{FAE04EC0-301F-11D3-BF4B-00C04F79EFBC}") = "01_EFBase", "01_EF\01_EFBase.csproj", "{8BBEBD57-C694-4431-A7F2-5F350D06AFAA}"
EndProject
Project("{FAE04EC0-301F-11D3-BF4B-00C04F79EFBC}") = "01_EFConcepts", "01_EFConcepts\01_EFConcepts.csproj", "{6CFE254D-3A7D-4ED6-865F-D4FEE093DDFD}"
EndProject
Project("{FAE04EC0-301F-11D3-BF4B-00C04F79EFBC}") = "02_EFCodeFirst", "02_EFCodeFirst\02_EFCodeFirst.csproj", "{ADDC73C8-EB1D-47F8-BA40-D69CF1CB0C7D}"
EndProject
Project("{FAE04EC0-301F-11D3-BF4B-00C04F79EFBC}") = "02_EFCodeFirst_Annotation", "02_EFCodeFirst_Annotation\02_EFCodeFirst_Annotation.csproj", "{99276AB8-9912-47C9-8B52-373015E42BF1}"
EndProject
Project("{FAE04EC0-301F-11D3-BF4B-00C04F79EFBC}") = "03_EFModelFirst", "03_EFModelFirst\03_EFModelFirst.csproj", "{DE17B4BE-64F4-4D0F-B6B2-762031D135DE}"
EndProject
Global
	GlobalSection(SolutionConfigurationPlatforms) = preSolution
		Debug|Any CPU = Debug|Any CPU
		Release|Any CPU = Release|Any CPU
	EndGlobalSection
	GlobalSection(ProjectConfigurationPlatforms) = postSolution
		{4B486AF7-7D4F-4A0D-B22E-F9E5B5411B88}.Debug|Any CPU.ActiveCfg = Debug|Any CPU
		{4B486AF7-7D4F-4A0D-B22E-F9E5B5411B88}.Debug|Any CPU.Build.0 = Debug|Any CPU
		{4B486AF7-7D4F-4A0D-B22E-F9E5B5411B88}.Release|Any CPU.ActiveCfg = Release|Any CPU
		{4B486AF7-7D4F-4A0D-B22E-F9E5B5411B88}.Release|Any CPU.Build.0 = Release|Any CPU
		{8BBEBD57-C694-4431-A7F2-5F350D06AFAA}.Debug|Any CPU.ActiveCfg = Debug|Any CPU
		{8BBEBD57-C694-4431-A7F2-5F350D06AFAA}.Debug|Any CPU.Build.0 = Debug|Any CPU
		{8BBEBD57-C694-4431-A7F2-5F350D06AFAA}.Release|Any CPU.ActiveCfg = Release|Any CPU
		{8BBEBD57-C694-4431-A7F2-5F350D06AFAA}.Release|Any CPU.Build.0 = Release|Any CPU
		{6CFE254D-3A7D-4ED6-865F-D4FEE093DDFD}.Debug|Any CPU.ActiveCfg = Debug|Any CPU
		{6CFE254D-3A7D-4ED6-865F-D4FEE093DDFD}.Debug|Any CPU.Build.0 = Debug|Any CPU
		{6CFE254D-3A7D-4ED6-865F-D4FEE093DDFD}.Release|Any CPU.ActiveCfg = Release|Any CPU
		{6CFE254D-3A7D-4ED6-865F-D4FEE093DDFD}.Release|Any CPU.Build.0 = Release|Any CPU
		{ADDC73C8-EB1D-47F8-BA40-D69CF1CB0C7D}.Debug|Any CPU.ActiveCfg = Debug|Any CPU
		{ADDC73C8-EB1D-47F8-BA40-D69CF1CB0C7D}.Debug|Any CPU.Build.0 = Debug|Any CPU
		{ADDC73C8-EB1D-47F8-BA40-D69CF1CB0C7D}.Release|Any CPU.ActiveCfg = Release|Any CPU
		{ADDC73C8-EB1D-47F8-BA40-D69CF1CB0C7D}.Release|Any CPU.Build.0 = Release|Any CPU
		{99276AB8-9912-47C9-8B52-373015E42BF1}.Debug|Any CPU.ActiveCfg = Debug|Any CPU
		{99276AB8-9912-47C9-8B52-373015E42BF1}.Debug|Any CPU.Build.0 = Debug|Any CPU
		{99276AB8-9912-47C9-8B52-373015E42BF1}.Release|Any CPU.ActiveCfg = Release|Any CPU
		{99276AB8-9912-47C9-8B52-373015E42BF1}.Release|Any CPU.Build.0 = Release|Any CPU
		{DE17B4BE-64F4-4D0F-B6B2-762031D135DE}.Debug|Any CPU.ActiveCfg = Debug|Any CPU
		{DE17B4BE-64F4-4D0F-B6B2-762031D135DE}.Debug|Any CPU.Build.0 = Debug|Any CPU
		{DE17B4BE-64F4-4D0F-B6B2-762031D135DE}.Release|Any CPU.ActiveCfg = Release|Any CPU
		{DE17B4BE-64F4-4D0F-B6B2-762031D135DE}.Release|Any CPU.Build.0 = Release|Any CPU
	EndGlobalSection
	GlobalSection(SolutionProperties) = preSolution
		HideSolutionNode = FALSE
	EndGlobalSection
EndGlobal
