
Microsoft Visual Studio Solution File, Format Version 11.00
# Visual Studio 2010
Project("{FAE04EC0-301F-11D3-BF4B-00C04F79EFBC}") = "01登录案例", "01登录案例\01登录案例.csproj", "{8ADED3ED-8C13-453F-BA06-0BCA0AC44B6D}"
EndProject
Project("{FAE04EC0-301F-11D3-BF4B-00C04F79EFBC}") = "03导入数据", "03导入数据\03导入数据.csproj", "{8307F88D-F577-4009-9EEA-6B95771851B6}"
EndProject
Project("{FAE04EC0-301F-11D3-BF4B-00C04F79EFBC}") = "02导出数据", "02导入数据\02导出数据.csproj", "{9C836CC9-515C-428F-868E-B221AC699724}"
EndProject
Project("{FAE04EC0-301F-11D3-BF4B-00C04F79EFBC}") = "04省市联动", "04省市联动\04省市联动.csproj", "{05EC3D28-FB5D-440F-9DC4-7FD11695BD42}"
EndProject
Project("{FAE04EC0-301F-11D3-BF4B-00C04F79EFBC}") = "05大项目01", "05大项目01\05大项目01.csproj", "{BA6C50C6-A21C-4E65-BC02-2C5B77FB4491}"
EndProject
Project("{FAE04EC0-301F-11D3-BF4B-00C04F79EFBC}") = "06序列化", "06序列化\06序列化.csproj", "{2D84B25B-642B-4CCB-8A39-515403C106A3}"
EndProject
Project("{FAE04EC0-301F-11D3-BF4B-00C04F79EFBC}") = "07事件传值", "07事件传值\07事件传值.csproj", "{C6C5CCD1-BF77-47DE-A8B2-474C8500D477}"
EndProject
Project("{FAE04EC0-301F-11D3-BF4B-00C04F79EFBC}") = "05大项目", "05大项目\05大项目.csproj", "{3938ABF7-8D38-494F-A6FD-4614BCD610A7}"
EndProject
Global
	GlobalSection(SolutionConfigurationPlatforms) = preSolution
		Debug|x86 = Debug|x86
		Release|x86 = Release|x86
	EndGlobalSection
	GlobalSection(ProjectConfigurationPlatforms) = postSolution
		{8ADED3ED-8C13-453F-BA06-0BCA0AC44B6D}.Debug|x86.ActiveCfg = Debug|x86
		{8ADED3ED-8C13-453F-BA06-0BCA0AC44B6D}.Debug|x86.Build.0 = Debug|x86
		{8ADED3ED-8C13-453F-BA06-0BCA0AC44B6D}.Release|x86.ActiveCfg = Release|x86
		{8ADED3ED-8C13-453F-BA06-0BCA0AC44B6D}.Release|x86.Build.0 = Release|x86
		{8307F88D-F577-4009-9EEA-6B95771851B6}.Debug|x86.ActiveCfg = Debug|x86
		{8307F88D-F577-4009-9EEA-6B95771851B6}.Debug|x86.Build.0 = Debug|x86
		{8307F88D-F577-4009-9EEA-6B95771851B6}.Release|x86.ActiveCfg = Release|x86
		{8307F88D-F577-4009-9EEA-6B95771851B6}.Release|x86.Build.0 = Release|x86
		{9C836CC9-515C-428F-868E-B221AC699724}.Debug|x86.ActiveCfg = Debug|x86
		{9C836CC9-515C-428F-868E-B221AC699724}.Debug|x86.Build.0 = Debug|x86
		{9C836CC9-515C-428F-868E-B221AC699724}.Release|x86.ActiveCfg = Release|x86
		{9C836CC9-515C-428F-868E-B221AC699724}.Release|x86.Build.0 = Release|x86
		{05EC3D28-FB5D-440F-9DC4-7FD11695BD42}.Debug|x86.ActiveCfg = Debug|x86
		{05EC3D28-FB5D-440F-9DC4-7FD11695BD42}.Debug|x86.Build.0 = Debug|x86
		{05EC3D28-FB5D-440F-9DC4-7FD11695BD42}.Release|x86.ActiveCfg = Release|x86
		{05EC3D28-FB5D-440F-9DC4-7FD11695BD42}.Release|x86.Build.0 = Release|x86
		{BA6C50C6-A21C-4E65-BC02-2C5B77FB4491}.Debug|x86.ActiveCfg = Debug|x86
		{BA6C50C6-A21C-4E65-BC02-2C5B77FB4491}.Debug|x86.Build.0 = Debug|x86
		{BA6C50C6-A21C-4E65-BC02-2C5B77FB4491}.Release|x86.ActiveCfg = Release|x86
		{BA6C50C6-A21C-4E65-BC02-2C5B77FB4491}.Release|x86.Build.0 = Release|x86
		{2D84B25B-642B-4CCB-8A39-515403C106A3}.Debug|x86.ActiveCfg = Debug|x86
		{2D84B25B-642B-4CCB-8A39-515403C106A3}.Debug|x86.Build.0 = Debug|x86
		{2D84B25B-642B-4CCB-8A39-515403C106A3}.Release|x86.ActiveCfg = Release|x86
		{2D84B25B-642B-4CCB-8A39-515403C106A3}.Release|x86.Build.0 = Release|x86
		{C6C5CCD1-BF77-47DE-A8B2-474C8500D477}.Debug|x86.ActiveCfg = Debug|x86
		{C6C5CCD1-BF77-47DE-A8B2-474C8500D477}.Debug|x86.Build.0 = Debug|x86
		{C6C5CCD1-BF77-47DE-A8B2-474C8500D477}.Release|x86.ActiveCfg = Release|x86
		{C6C5CCD1-BF77-47DE-A8B2-474C8500D477}.Release|x86.Build.0 = Release|x86
		{3938ABF7-8D38-494F-A6FD-4614BCD610A7}.Debug|x86.ActiveCfg = Debug|x86
		{3938ABF7-8D38-494F-A6FD-4614BCD610A7}.Debug|x86.Build.0 = Debug|x86
		{3938ABF7-8D38-494F-A6FD-4614BCD610A7}.Release|x86.ActiveCfg = Release|x86
		{3938ABF7-8D38-494F-A6FD-4614BCD610A7}.Release|x86.Build.0 = Release|x86
	EndGlobalSection
	GlobalSection(SolutionProperties) = preSolution
		HideSolutionNode = FALSE
	EndGlobalSection
EndGlobal
