
Microsoft Visual Studio Solution File, Format Version 11.00
# Visual Studio 2010
Project("{FAE04EC0-301F-11D3-BF4B-00C04F79EFBC}") = "001_TestPathClass", "001_TestPathClass\001_TestPathClass.csproj", "{AF11E6C0-BC3A-44DE-9E40-BC4D1FB52071}"
EndProject
Project("{FAE04EC0-301F-11D3-BF4B-00C04F79EFBC}") = "002_Combobox", "002_Combobox\002_Combobox.csproj", "{7D87B70B-4207-49A6-9465-4B9121F0F10F}"
EndProject
Project("{FAE04EC0-301F-11D3-BF4B-00C04F79EFBC}") = "101_TestForeach", "101_TestForeach\101_TestForeach.csproj", "{2D28FB65-5B70-454D-843B-8D1EA567DBAC}"
EndProject
Project("{FAE04EC0-301F-11D3-BF4B-00C04F79EFBC}") = "102_TestForFunction", "102_TestForFunction\102_TestForFunction.csproj", "{EFFD1A6E-14A3-416E-B5E6-BBAF3302C39F}"
EndProject
Project("{FAE04EC0-301F-11D3-BF4B-00C04F79EFBC}") = "103_ReadXML", "103_ReadXML\103_ReadXML.csproj", "{F71BC180-25C0-47FC-93E1-ADE5DB435EF0}"
EndProject
Project("{FAE04EC0-301F-11D3-BF4B-00C04F79EFBC}") = "104_CallbackByDelegat", "104_CallbackByDelegat\104_CallbackByDelegat.csproj", "{4201A6FB-6720-4CF2-9C12-77B17C6E5DBC}"
EndProject
Project("{FAE04EC0-301F-11D3-BF4B-00C04F79EFBC}") = "104_CallDelegate2", "104_CallDelegate2\104_CallDelegate2.csproj", "{EB991AC4-1BBA-4956-8DCD-7C2B0050C895}"
EndProject
Project("{FAE04EC0-301F-11D3-BF4B-00C04F79EFBC}") = "104_CallEvent", "104_CallEvent\104_CallEvent.csproj", "{9F1A327C-098C-4E72-A7B9-173BA7655761}"
EndProject
Project("{FAE04EC0-301F-11D3-BF4B-00C04F79EFBC}") = "104_CallAnonymous", "104_CallAnonymous\104_CallAnonymous.csproj", "{473BD10C-55DB-4331-A31C-C4D9CE182374}"
EndProject
Project("{FAE04EC0-301F-11D3-BF4B-00C04F79EFBC}") = "104_CallByLamda", "104_CallByLamda\104_CallByLamda.csproj", "{2541AF8C-A3B1-4E36-A894-7E7A17246321}"
EndProject
Project("{FAE04EC0-301F-11D3-BF4B-00C04F79EFBC}") = "002_PathDirectory", "002_PathDirectory\002_PathDirectory.csproj", "{5721BE97-5699-44A4-B24F-6745823DB7D5}"
EndProject
Project("{FAE04EC0-301F-11D3-BF4B-00C04F79EFBC}") = "003_ClassIndex", "003_ClassIndex\003_ClassIndex.csproj", "{05B4740C-4779-475F-B77A-D0C1EB4BDE70}"
EndProject
Project("{FAE04EC0-301F-11D3-BF4B-00C04F79EFBC}") = "003_IndexByInterface", "003_IndexByInterface\003_IndexByInterface.csproj", "{9E410713-1905-468D-AB1D-4A56A08D15F4}"
EndProject
Project("{FAE04EC0-301F-11D3-BF4B-00C04F79EFBC}") = "105_EventSyntax", "105_EventSyntax\105_EventSyntax.csproj", "{00C8C421-470D-49E8-B019-72588E0DAB78}"
EndProject
Project("{FAE04EC0-301F-11D3-BF4B-00C04F79EFBC}") = "106_GenericTemplate", "106_GenericTemplate\106_GenericTemplate.csproj", "{A12D0D47-ED52-4967-88BC-B1F583DE111F}"
EndProject
Project("{FAE04EC0-301F-11D3-BF4B-00C04F79EFBC}") = "106_GenericInMethod", "106_GenericInMethod\106_GenericInMethod.csproj", "{06036477-6F80-440B-B536-349C90304079}"
EndProject
Project("{FAE04EC0-301F-11D3-BF4B-00C04F79EFBC}") = "106_GenericInDelegate", "106_GenericInDelegate\106_GenericInDelegate.csproj", "{5DB9E462-590B-45FB-AA32-40998F11DEAF}"
EndProject
Project("{FAE04EC0-301F-11D3-BF4B-00C04F79EFBC}") = "107_SimpleAttribute", "107_SimpleAttribute\107_SimpleAttribute.csproj", "{B5DBE23F-EBB3-41E7-AF5F-940F7C67A416}"
EndProject
Project("{FAE04EC0-301F-11D3-BF4B-00C04F79EFBC}") = "107_CustomAttribute", "107_CustomAttribute\107_CustomAttribute.csproj", "{EBD1FE20-C934-41B5-894D-205D4415F47F}"
EndProject
Project("{FAE04EC0-301F-11D3-BF4B-00C04F79EFBC}") = "108_GetTypeByReflection", "108_GetTypeByReflection\108_GetTypeByReflection.csproj", "{1B73601A-64CA-4357-AA1B-F846F504EB8A}"
EndProject
Global
	GlobalSection(SolutionConfigurationPlatforms) = preSolution
		Debug|x86 = Debug|x86
		Release|x86 = Release|x86
	EndGlobalSection
	GlobalSection(ProjectConfigurationPlatforms) = postSolution
		{AF11E6C0-BC3A-44DE-9E40-BC4D1FB52071}.Debug|x86.ActiveCfg = Debug|x86
		{AF11E6C0-BC3A-44DE-9E40-BC4D1FB52071}.Debug|x86.Build.0 = Debug|x86
		{AF11E6C0-BC3A-44DE-9E40-BC4D1FB52071}.Release|x86.ActiveCfg = Release|x86
		{AF11E6C0-BC3A-44DE-9E40-BC4D1FB52071}.Release|x86.Build.0 = Release|x86
		{7D87B70B-4207-49A6-9465-4B9121F0F10F}.Debug|x86.ActiveCfg = Debug|x86
		{7D87B70B-4207-49A6-9465-4B9121F0F10F}.Debug|x86.Build.0 = Debug|x86
		{7D87B70B-4207-49A6-9465-4B9121F0F10F}.Release|x86.ActiveCfg = Release|x86
		{7D87B70B-4207-49A6-9465-4B9121F0F10F}.Release|x86.Build.0 = Release|x86
		{2D28FB65-5B70-454D-843B-8D1EA567DBAC}.Debug|x86.ActiveCfg = Debug|x86
		{2D28FB65-5B70-454D-843B-8D1EA567DBAC}.Debug|x86.Build.0 = Debug|x86
		{2D28FB65-5B70-454D-843B-8D1EA567DBAC}.Release|x86.ActiveCfg = Release|x86
		{2D28FB65-5B70-454D-843B-8D1EA567DBAC}.Release|x86.Build.0 = Release|x86
		{EFFD1A6E-14A3-416E-B5E6-BBAF3302C39F}.Debug|x86.ActiveCfg = Debug|x86
		{EFFD1A6E-14A3-416E-B5E6-BBAF3302C39F}.Debug|x86.Build.0 = Debug|x86
		{EFFD1A6E-14A3-416E-B5E6-BBAF3302C39F}.Release|x86.ActiveCfg = Release|x86
		{EFFD1A6E-14A3-416E-B5E6-BBAF3302C39F}.Release|x86.Build.0 = Release|x86
		{F71BC180-25C0-47FC-93E1-ADE5DB435EF0}.Debug|x86.ActiveCfg = Debug|x86
		{F71BC180-25C0-47FC-93E1-ADE5DB435EF0}.Debug|x86.Build.0 = Debug|x86
		{F71BC180-25C0-47FC-93E1-ADE5DB435EF0}.Release|x86.ActiveCfg = Release|x86
		{F71BC180-25C0-47FC-93E1-ADE5DB435EF0}.Release|x86.Build.0 = Release|x86
		{4201A6FB-6720-4CF2-9C12-77B17C6E5DBC}.Debug|x86.ActiveCfg = Debug|x86
		{4201A6FB-6720-4CF2-9C12-77B17C6E5DBC}.Debug|x86.Build.0 = Debug|x86
		{4201A6FB-6720-4CF2-9C12-77B17C6E5DBC}.Release|x86.ActiveCfg = Release|x86
		{4201A6FB-6720-4CF2-9C12-77B17C6E5DBC}.Release|x86.Build.0 = Release|x86
		{EB991AC4-1BBA-4956-8DCD-7C2B0050C895}.Debug|x86.ActiveCfg = Debug|x86
		{EB991AC4-1BBA-4956-8DCD-7C2B0050C895}.Debug|x86.Build.0 = Debug|x86
		{EB991AC4-1BBA-4956-8DCD-7C2B0050C895}.Release|x86.ActiveCfg = Release|x86
		{EB991AC4-1BBA-4956-8DCD-7C2B0050C895}.Release|x86.Build.0 = Release|x86
		{9F1A327C-098C-4E72-A7B9-173BA7655761}.Debug|x86.ActiveCfg = Debug|x86
		{9F1A327C-098C-4E72-A7B9-173BA7655761}.Debug|x86.Build.0 = Debug|x86
		{9F1A327C-098C-4E72-A7B9-173BA7655761}.Release|x86.ActiveCfg = Release|x86
		{9F1A327C-098C-4E72-A7B9-173BA7655761}.Release|x86.Build.0 = Release|x86
		{473BD10C-55DB-4331-A31C-C4D9CE182374}.Debug|x86.ActiveCfg = Debug|x86
		{473BD10C-55DB-4331-A31C-C4D9CE182374}.Debug|x86.Build.0 = Debug|x86
		{473BD10C-55DB-4331-A31C-C4D9CE182374}.Release|x86.ActiveCfg = Release|x86
		{473BD10C-55DB-4331-A31C-C4D9CE182374}.Release|x86.Build.0 = Release|x86
		{2541AF8C-A3B1-4E36-A894-7E7A17246321}.Debug|x86.ActiveCfg = Debug|x86
		{2541AF8C-A3B1-4E36-A894-7E7A17246321}.Debug|x86.Build.0 = Debug|x86
		{2541AF8C-A3B1-4E36-A894-7E7A17246321}.Release|x86.ActiveCfg = Release|x86
		{2541AF8C-A3B1-4E36-A894-7E7A17246321}.Release|x86.Build.0 = Release|x86
		{5721BE97-5699-44A4-B24F-6745823DB7D5}.Debug|x86.ActiveCfg = Debug|x86
		{5721BE97-5699-44A4-B24F-6745823DB7D5}.Debug|x86.Build.0 = Debug|x86
		{5721BE97-5699-44A4-B24F-6745823DB7D5}.Release|x86.ActiveCfg = Release|x86
		{5721BE97-5699-44A4-B24F-6745823DB7D5}.Release|x86.Build.0 = Release|x86
		{05B4740C-4779-475F-B77A-D0C1EB4BDE70}.Debug|x86.ActiveCfg = Debug|x86
		{05B4740C-4779-475F-B77A-D0C1EB4BDE70}.Debug|x86.Build.0 = Debug|x86
		{05B4740C-4779-475F-B77A-D0C1EB4BDE70}.Release|x86.ActiveCfg = Release|x86
		{05B4740C-4779-475F-B77A-D0C1EB4BDE70}.Release|x86.Build.0 = Release|x86
		{9E410713-1905-468D-AB1D-4A56A08D15F4}.Debug|x86.ActiveCfg = Debug|x86
		{9E410713-1905-468D-AB1D-4A56A08D15F4}.Debug|x86.Build.0 = Debug|x86
		{9E410713-1905-468D-AB1D-4A56A08D15F4}.Release|x86.ActiveCfg = Release|x86
		{9E410713-1905-468D-AB1D-4A56A08D15F4}.Release|x86.Build.0 = Release|x86
		{00C8C421-470D-49E8-B019-72588E0DAB78}.Debug|x86.ActiveCfg = Debug|x86
		{00C8C421-470D-49E8-B019-72588E0DAB78}.Debug|x86.Build.0 = Debug|x86
		{00C8C421-470D-49E8-B019-72588E0DAB78}.Release|x86.ActiveCfg = Release|x86
		{00C8C421-470D-49E8-B019-72588E0DAB78}.Release|x86.Build.0 = Release|x86
		{A12D0D47-ED52-4967-88BC-B1F583DE111F}.Debug|x86.ActiveCfg = Debug|x86
		{A12D0D47-ED52-4967-88BC-B1F583DE111F}.Debug|x86.Build.0 = Debug|x86
		{A12D0D47-ED52-4967-88BC-B1F583DE111F}.Release|x86.ActiveCfg = Release|x86
		{A12D0D47-ED52-4967-88BC-B1F583DE111F}.Release|x86.Build.0 = Release|x86
		{06036477-6F80-440B-B536-349C90304079}.Debug|x86.ActiveCfg = Debug|x86
		{06036477-6F80-440B-B536-349C90304079}.Debug|x86.Build.0 = Debug|x86
		{06036477-6F80-440B-B536-349C90304079}.Release|x86.ActiveCfg = Release|x86
		{06036477-6F80-440B-B536-349C90304079}.Release|x86.Build.0 = Release|x86
		{5DB9E462-590B-45FB-AA32-40998F11DEAF}.Debug|x86.ActiveCfg = Debug|x86
		{5DB9E462-590B-45FB-AA32-40998F11DEAF}.Debug|x86.Build.0 = Debug|x86
		{5DB9E462-590B-45FB-AA32-40998F11DEAF}.Release|x86.ActiveCfg = Release|x86
		{5DB9E462-590B-45FB-AA32-40998F11DEAF}.Release|x86.Build.0 = Release|x86
		{B5DBE23F-EBB3-41E7-AF5F-940F7C67A416}.Debug|x86.ActiveCfg = Debug|x86
		{B5DBE23F-EBB3-41E7-AF5F-940F7C67A416}.Debug|x86.Build.0 = Debug|x86
		{B5DBE23F-EBB3-41E7-AF5F-940F7C67A416}.Release|x86.ActiveCfg = Release|x86
		{B5DBE23F-EBB3-41E7-AF5F-940F7C67A416}.Release|x86.Build.0 = Release|x86
		{EBD1FE20-C934-41B5-894D-205D4415F47F}.Debug|x86.ActiveCfg = Debug|x86
		{EBD1FE20-C934-41B5-894D-205D4415F47F}.Debug|x86.Build.0 = Debug|x86
		{EBD1FE20-C934-41B5-894D-205D4415F47F}.Release|x86.ActiveCfg = Release|x86
		{EBD1FE20-C934-41B5-894D-205D4415F47F}.Release|x86.Build.0 = Release|x86
		{1B73601A-64CA-4357-AA1B-F846F504EB8A}.Debug|x86.ActiveCfg = Debug|x86
		{1B73601A-64CA-4357-AA1B-F846F504EB8A}.Debug|x86.Build.0 = Debug|x86
		{1B73601A-64CA-4357-AA1B-F846F504EB8A}.Release|x86.ActiveCfg = Release|x86
		{1B73601A-64CA-4357-AA1B-F846F504EB8A}.Release|x86.Build.0 = Release|x86
	EndGlobalSection
	GlobalSection(SolutionProperties) = preSolution
		HideSolutionNode = FALSE
	EndGlobalSection
EndGlobal
