
Microsoft Visual Studio Solution File, Format Version 12.00
# Visual Studio 15
VisualStudioVersion = 15.0.26730.10
MinimumVisualStudioVersion = 10.0.40219.1
Project("{FAE04EC0-301F-11D3-BF4B-00C04F79EFBC}") = "00_NewMVCProj", "00_NewMVCProj\00_NewMVCProj.csproj", "{4B486AF7-7D4F-4A0D-B22E-F9E5B5411B88}"
EndProject
Project("{FAE04EC0-301F-11D3-BF4B-00C04F79EFBC}") = "01_EFBase", "01_EF\01_EFBase.csproj", "{8BBEBD57-C694-4431-A7F2-5F350D06AFAA}"
EndProject
Project("{FAE04EC0-301F-11D3-BF4B-00C04F79EFBC}") = "01_EFConcepts", "01_EFConcepts\01_EFConcepts.csproj", "{6CFE254D-3A7D-4ED6-865F-D4FEE093DDFD}"
EndProject
Project("{FAE04EC0-301F-11D3-BF4B-00C04F79EFBC}") = "02_EFCodeFirst", "02_EFCodeFirst\02_EFCodeFirst.csproj", "{ADDC73C8-EB1D-47F8-BA40-D69CF1CB0C7D}"
EndProject
Project("{FAE04EC0-301F-11D3-BF4B-00C04F79EFBC}") = "02_EFCodeFirst_Annotation", "02_EFCodeFirst_Annotation\02_EFCodeFirst_Annotation.csproj", "{99276AB8-9912-47C9-8B52-373015E42BF1}"
EndProject
Project("{FAE04EC0-301F-11D3-BF4B-00C04F79EFBC}") = "03_EFModelFirst", "03_EFModelFirst\03_EFModelFirst.csproj", "{DE17B4BE-64F4-4D0F-B6B2-762031D135DE}"
EndProject
Project("{E24C65DC-7377-472B-9ABA-BC803B73C61A}") = "04_Javascript", "http://localhost:49279", "{8CB90106-6DCA-4993-8B7C-45A5531E7F3C}"
	ProjectSection(WebsiteProperties) = preProject
		UseIISExpress = "true"
		TargetFrameworkMoniker = ".NETFramework,Version%3Dv4.5"
		Debug.AspNetCompiler.VirtualPath = "/localhost_49279"
		Debug.AspNetCompiler.PhysicalPath = "04_Javascript\"
		Debug.AspNetCompiler.TargetPath = "PrecompiledWeb\localhost_49279\"
		Debug.AspNetCompiler.Updateable = "true"
		Debug.AspNetCompiler.ForceOverwrite = "true"
		Debug.AspNetCompiler.FixedNames = "false"
		Debug.AspNetCompiler.Debug = "True"
		Release.AspNetCompiler.VirtualPath = "/localhost_49279"
		Release.AspNetCompiler.PhysicalPath = "04_Javascript\"
		Release.AspNetCompiler.TargetPath = "PrecompiledWeb\localhost_49279\"
		Release.AspNetCompiler.Updateable = "true"
		Release.AspNetCompiler.ForceOverwrite = "true"
		Release.AspNetCompiler.FixedNames = "false"
		Release.AspNetCompiler.Debug = "False"
		SlnRelativePath = "04_Javascript\"
	EndProjectSection
EndProject
Project("{E24C65DC-7377-472B-9ABA-BC803B73C61A}") = "05_DOM", "http://localhost:49416", "{7E5ACC43-17A3-4D39-A705-1E17E775F371}"
	ProjectSection(WebsiteProperties) = preProject
		UseIISExpress = "true"
		TargetFrameworkMoniker = ".NETFramework,Version%3Dv4.5"
		Debug.AspNetCompiler.VirtualPath = "/localhost_49416"
		Debug.AspNetCompiler.PhysicalPath = "05_DOM\"
		Debug.AspNetCompiler.TargetPath = "PrecompiledWeb\localhost_49416\"
		Debug.AspNetCompiler.Updateable = "true"
		Debug.AspNetCompiler.ForceOverwrite = "true"
		Debug.AspNetCompiler.FixedNames = "false"
		Debug.AspNetCompiler.Debug = "True"
		Release.AspNetCompiler.VirtualPath = "/localhost_49416"
		Release.AspNetCompiler.PhysicalPath = "05_DOM\"
		Release.AspNetCompiler.TargetPath = "PrecompiledWeb\localhost_49416\"
		Release.AspNetCompiler.Updateable = "true"
		Release.AspNetCompiler.ForceOverwrite = "true"
		Release.AspNetCompiler.FixedNames = "false"
		Release.AspNetCompiler.Debug = "False"
		SlnRelativePath = "05_DOM\"
	EndProjectSection
EndProject
Project("{E24C65DC-7377-472B-9ABA-BC803B73C61A}") = "06_JQuery", "06_JQuery\", "{915447A6-85C2-4D49-A571-A5B034830EF6}"
	ProjectSection(WebsiteProperties) = preProject
		TargetFrameworkMoniker = ".NETFramework,Version%3Dv4.6.2"
		Debug.AspNetCompiler.VirtualPath = "/localhost_61192"
		Debug.AspNetCompiler.PhysicalPath = "06_JQuery\"
		Debug.AspNetCompiler.TargetPath = "PrecompiledWeb\localhost_61192\"
		Debug.AspNetCompiler.Updateable = "true"
		Debug.AspNetCompiler.ForceOverwrite = "true"
		Debug.AspNetCompiler.FixedNames = "false"
		Debug.AspNetCompiler.Debug = "True"
		Release.AspNetCompiler.VirtualPath = "/localhost_61192"
		Release.AspNetCompiler.PhysicalPath = "06_JQuery\"
		Release.AspNetCompiler.TargetPath = "PrecompiledWeb\localhost_61192\"
		Release.AspNetCompiler.Updateable = "true"
		Release.AspNetCompiler.ForceOverwrite = "true"
		Release.AspNetCompiler.FixedNames = "false"
		Release.AspNetCompiler.Debug = "False"
		VWDPort = "61192"
		SlnRelativePath = "06_JQuery\"
		DefaultWebSiteLanguage = "Visual C#"
	EndProjectSection
EndProject
Project("{E24C65DC-7377-472B-9ABA-BC803B73C61A}") = "01_HTML", "01_HTML\", "{BD29237B-8C48-481C-AECF-986B2AC3D917}"
	ProjectSection(WebsiteProperties) = preProject
		TargetFrameworkMoniker = ".NETFramework,Version%3Dv4.5.2"
		Debug.AspNetCompiler.VirtualPath = "/localhost_60945"
		Debug.AspNetCompiler.PhysicalPath = "01_HTML\"
		Debug.AspNetCompiler.TargetPath = "PrecompiledWeb\localhost_60945\"
		Debug.AspNetCompiler.Updateable = "true"
		Debug.AspNetCompiler.ForceOverwrite = "true"
		Debug.AspNetCompiler.FixedNames = "false"
		Debug.AspNetCompiler.Debug = "True"
		Release.AspNetCompiler.VirtualPath = "/localhost_60945"
		Release.AspNetCompiler.PhysicalPath = "01_HTML\"
		Release.AspNetCompiler.TargetPath = "PrecompiledWeb\localhost_60945\"
		Release.AspNetCompiler.Updateable = "true"
		Release.AspNetCompiler.ForceOverwrite = "true"
		Release.AspNetCompiler.FixedNames = "false"
		Release.AspNetCompiler.Debug = "False"
		VWDPort = "60945"
		SlnRelativePath = "01_HTML\"
	EndProjectSection
EndProject
Project("{E24C65DC-7377-472B-9ABA-BC803B73C61A}") = "07_WebsiteBasic(1)", "07_WebsiteBasic\", "{318A143E-F16F-4AF1-ADAD-6C60AB9CD67E}"
	ProjectSection(WebsiteProperties) = preProject
		TargetFrameworkMoniker = ".NETFramework,Version%3Dv4.5.2"
		ProjectReferences = "{674c0d61-a2be-472a-b9f7-70ad154efabf}|00_SQLiteHelper.dll;"
		Debug.AspNetCompiler.VirtualPath = "/localhost_49577"
		Debug.AspNetCompiler.PhysicalPath = "07_WebsiteBasic\"
		Debug.AspNetCompiler.TargetPath = "PrecompiledWeb\localhost_49577\"
		Debug.AspNetCompiler.Updateable = "true"
		Debug.AspNetCompiler.ForceOverwrite = "true"
		Debug.AspNetCompiler.FixedNames = "false"
		Debug.AspNetCompiler.Debug = "True"
		Release.AspNetCompiler.VirtualPath = "/localhost_49577"
		Release.AspNetCompiler.PhysicalPath = "07_WebsiteBasic\"
		Release.AspNetCompiler.TargetPath = "PrecompiledWeb\localhost_49577\"
		Release.AspNetCompiler.Updateable = "true"
		Release.AspNetCompiler.ForceOverwrite = "true"
		Release.AspNetCompiler.FixedNames = "false"
		Release.AspNetCompiler.Debug = "False"
		VWDPort = "49577"
		SlnRelativePath = "07_WebsiteBasic\"
	EndProjectSection
EndProject
Project("{FAE04EC0-301F-11D3-BF4B-00C04F79EFBC}") = "00_SQLiteHelper", "00_SQLiteHelper\00_SQLiteHelper.csproj", "{674C0D61-A2BE-472A-B9F7-70AD154EFABF}"
EndProject
Project("{2150E333-8FDC-42A3-9474-1A3956D46DE8}") = "08_三层Web", "08_三层Web", "{4A46B448-25B6-4E61-85AA-0BF55797884B}"
EndProject
Project("{FAE04EC0-301F-11D3-BF4B-00C04F79EFBC}") = "Itcaster.Web.Model", "Itcaster.Web.Model\Itcaster.Web.Model.csproj", "{23C9C900-6437-4C85-A37E-93538C7BD3C9}"
EndProject
Project("{FAE04EC0-301F-11D3-BF4B-00C04F79EFBC}") = "Itcaster.Web.DAL", "Itcaster.Web.DAL\Itcaster.Web.DAL.csproj", "{419CE848-B53C-4978-9C3A-FD0D14CF0D03}"
EndProject
Project("{FAE04EC0-301F-11D3-BF4B-00C04F79EFBC}") = "Itcaster.Web.BLL", "Itcaster.Web.BLL\Itcaster.Web.BLL.csproj", "{68F55449-0815-486C-80B2-D44BDE48AE34}"
EndProject
Project("{FAE04EC0-301F-11D3-BF4B-00C04F79EFBC}") = "Itcaster.Web.Common", "Itcaster.Web.Common\Itcaster.Web.Common.csproj", "{F8EC6C81-7157-4104-BCD3-D8035BD72A4E}"
EndProject
Project("{2150E333-8FDC-42A3-9474-1A3956D46DE8}") = "99_ReduntProject", "99_ReduntProject", "{8C9D31E8-8BA6-4B00-9540-D36F8E3C8E6E}"
EndProject
Project("{FAE04EC0-301F-11D3-BF4B-00C04F79EFBC}") = "Itcaster.Web.App", "Itcaster.Web.App\Itcaster.Web.App.csproj", "{70247091-B380-4961-B479-EECF2BC3CF1D}"
EndProject
Global
	GlobalSection(SolutionConfigurationPlatforms) = preSolution
		Debug|Any CPU = Debug|Any CPU
		Release|Any CPU = Release|Any CPU
	EndGlobalSection
	GlobalSection(ProjectConfigurationPlatforms) = postSolution
		{4B486AF7-7D4F-4A0D-B22E-F9E5B5411B88}.Debug|Any CPU.ActiveCfg = Debug|Any CPU
		{4B486AF7-7D4F-4A0D-B22E-F9E5B5411B88}.Debug|Any CPU.Build.0 = Debug|Any CPU
		{4B486AF7-7D4F-4A0D-B22E-F9E5B5411B88}.Release|Any CPU.ActiveCfg = Release|Any CPU
		{4B486AF7-7D4F-4A0D-B22E-F9E5B5411B88}.Release|Any CPU.Build.0 = Release|Any CPU
		{8BBEBD57-C694-4431-A7F2-5F350D06AFAA}.Debug|Any CPU.ActiveCfg = Debug|Any CPU
		{8BBEBD57-C694-4431-A7F2-5F350D06AFAA}.Debug|Any CPU.Build.0 = Debug|Any CPU
		{8BBEBD57-C694-4431-A7F2-5F350D06AFAA}.Release|Any CPU.ActiveCfg = Release|Any CPU
		{8BBEBD57-C694-4431-A7F2-5F350D06AFAA}.Release|Any CPU.Build.0 = Release|Any CPU
		{6CFE254D-3A7D-4ED6-865F-D4FEE093DDFD}.Debug|Any CPU.ActiveCfg = Debug|Any CPU
		{6CFE254D-3A7D-4ED6-865F-D4FEE093DDFD}.Debug|Any CPU.Build.0 = Debug|Any CPU
		{6CFE254D-3A7D-4ED6-865F-D4FEE093DDFD}.Release|Any CPU.ActiveCfg = Release|Any CPU
		{6CFE254D-3A7D-4ED6-865F-D4FEE093DDFD}.Release|Any CPU.Build.0 = Release|Any CPU
		{ADDC73C8-EB1D-47F8-BA40-D69CF1CB0C7D}.Debug|Any CPU.ActiveCfg = Debug|Any CPU
		{ADDC73C8-EB1D-47F8-BA40-D69CF1CB0C7D}.Debug|Any CPU.Build.0 = Debug|Any CPU
		{ADDC73C8-EB1D-47F8-BA40-D69CF1CB0C7D}.Release|Any CPU.ActiveCfg = Release|Any CPU
		{ADDC73C8-EB1D-47F8-BA40-D69CF1CB0C7D}.Release|Any CPU.Build.0 = Release|Any CPU
		{99276AB8-9912-47C9-8B52-373015E42BF1}.Debug|Any CPU.ActiveCfg = Debug|Any CPU
		{99276AB8-9912-47C9-8B52-373015E42BF1}.Debug|Any CPU.Build.0 = Debug|Any CPU
		{99276AB8-9912-47C9-8B52-373015E42BF1}.Release|Any CPU.ActiveCfg = Release|Any CPU
		{99276AB8-9912-47C9-8B52-373015E42BF1}.Release|Any CPU.Build.0 = Release|Any CPU
		{DE17B4BE-64F4-4D0F-B6B2-762031D135DE}.Debug|Any CPU.ActiveCfg = Debug|Any CPU
		{DE17B4BE-64F4-4D0F-B6B2-762031D135DE}.Debug|Any CPU.Build.0 = Debug|Any CPU
		{DE17B4BE-64F4-4D0F-B6B2-762031D135DE}.Release|Any CPU.ActiveCfg = Release|Any CPU
		{DE17B4BE-64F4-4D0F-B6B2-762031D135DE}.Release|Any CPU.Build.0 = Release|Any CPU
		{8CB90106-6DCA-4993-8B7C-45A5531E7F3C}.Debug|Any CPU.ActiveCfg = Debug|Any CPU
		{8CB90106-6DCA-4993-8B7C-45A5531E7F3C}.Debug|Any CPU.Build.0 = Debug|Any CPU
		{8CB90106-6DCA-4993-8B7C-45A5531E7F3C}.Release|Any CPU.ActiveCfg = Debug|Any CPU
		{8CB90106-6DCA-4993-8B7C-45A5531E7F3C}.Release|Any CPU.Build.0 = Debug|Any CPU
		{7E5ACC43-17A3-4D39-A705-1E17E775F371}.Debug|Any CPU.ActiveCfg = Debug|Any CPU
		{7E5ACC43-17A3-4D39-A705-1E17E775F371}.Debug|Any CPU.Build.0 = Debug|Any CPU
		{7E5ACC43-17A3-4D39-A705-1E17E775F371}.Release|Any CPU.ActiveCfg = Debug|Any CPU
		{7E5ACC43-17A3-4D39-A705-1E17E775F371}.Release|Any CPU.Build.0 = Debug|Any CPU
		{915447A6-85C2-4D49-A571-A5B034830EF6}.Debug|Any CPU.ActiveCfg = Debug|Any CPU
		{915447A6-85C2-4D49-A571-A5B034830EF6}.Debug|Any CPU.Build.0 = Debug|Any CPU
		{915447A6-85C2-4D49-A571-A5B034830EF6}.Release|Any CPU.ActiveCfg = Debug|Any CPU
		{915447A6-85C2-4D49-A571-A5B034830EF6}.Release|Any CPU.Build.0 = Debug|Any CPU
		{BD29237B-8C48-481C-AECF-986B2AC3D917}.Debug|Any CPU.ActiveCfg = Debug|Any CPU
		{BD29237B-8C48-481C-AECF-986B2AC3D917}.Debug|Any CPU.Build.0 = Debug|Any CPU
		{BD29237B-8C48-481C-AECF-986B2AC3D917}.Release|Any CPU.ActiveCfg = Debug|Any CPU
		{BD29237B-8C48-481C-AECF-986B2AC3D917}.Release|Any CPU.Build.0 = Debug|Any CPU
		{318A143E-F16F-4AF1-ADAD-6C60AB9CD67E}.Debug|Any CPU.ActiveCfg = Debug|Any CPU
		{318A143E-F16F-4AF1-ADAD-6C60AB9CD67E}.Debug|Any CPU.Build.0 = Debug|Any CPU
		{318A143E-F16F-4AF1-ADAD-6C60AB9CD67E}.Release|Any CPU.ActiveCfg = Debug|Any CPU
		{318A143E-F16F-4AF1-ADAD-6C60AB9CD67E}.Release|Any CPU.Build.0 = Debug|Any CPU
		{674C0D61-A2BE-472A-B9F7-70AD154EFABF}.Debug|Any CPU.ActiveCfg = Debug|Any CPU
		{674C0D61-A2BE-472A-B9F7-70AD154EFABF}.Debug|Any CPU.Build.0 = Debug|Any CPU
		{674C0D61-A2BE-472A-B9F7-70AD154EFABF}.Release|Any CPU.ActiveCfg = Release|Any CPU
		{674C0D61-A2BE-472A-B9F7-70AD154EFABF}.Release|Any CPU.Build.0 = Release|Any CPU
		{23C9C900-6437-4C85-A37E-93538C7BD3C9}.Debug|Any CPU.ActiveCfg = Debug|Any CPU
		{23C9C900-6437-4C85-A37E-93538C7BD3C9}.Debug|Any CPU.Build.0 = Debug|Any CPU
		{23C9C900-6437-4C85-A37E-93538C7BD3C9}.Release|Any CPU.ActiveCfg = Release|Any CPU
		{23C9C900-6437-4C85-A37E-93538C7BD3C9}.Release|Any CPU.Build.0 = Release|Any CPU
		{419CE848-B53C-4978-9C3A-FD0D14CF0D03}.Debug|Any CPU.ActiveCfg = Debug|Any CPU
		{419CE848-B53C-4978-9C3A-FD0D14CF0D03}.Debug|Any CPU.Build.0 = Debug|Any CPU
		{419CE848-B53C-4978-9C3A-FD0D14CF0D03}.Release|Any CPU.ActiveCfg = Release|Any CPU
		{419CE848-B53C-4978-9C3A-FD0D14CF0D03}.Release|Any CPU.Build.0 = Release|Any CPU
		{68F55449-0815-486C-80B2-D44BDE48AE34}.Debug|Any CPU.ActiveCfg = Debug|Any CPU
		{68F55449-0815-486C-80B2-D44BDE48AE34}.Debug|Any CPU.Build.0 = Debug|Any CPU
		{68F55449-0815-486C-80B2-D44BDE48AE34}.Release|Any CPU.ActiveCfg = Release|Any CPU
		{68F55449-0815-486C-80B2-D44BDE48AE34}.Release|Any CPU.Build.0 = Release|Any CPU
		{F8EC6C81-7157-4104-BCD3-D8035BD72A4E}.Debug|Any CPU.ActiveCfg = Debug|Any CPU
		{F8EC6C81-7157-4104-BCD3-D8035BD72A4E}.Debug|Any CPU.Build.0 = Debug|Any CPU
		{F8EC6C81-7157-4104-BCD3-D8035BD72A4E}.Release|Any CPU.ActiveCfg = Release|Any CPU
		{F8EC6C81-7157-4104-BCD3-D8035BD72A4E}.Release|Any CPU.Build.0 = Release|Any CPU
		{70247091-B380-4961-B479-EECF2BC3CF1D}.Debug|Any CPU.ActiveCfg = Debug|Any CPU
		{70247091-B380-4961-B479-EECF2BC3CF1D}.Debug|Any CPU.Build.0 = Debug|Any CPU
		{70247091-B380-4961-B479-EECF2BC3CF1D}.Release|Any CPU.ActiveCfg = Release|Any CPU
		{70247091-B380-4961-B479-EECF2BC3CF1D}.Release|Any CPU.Build.0 = Release|Any CPU
	EndGlobalSection
	GlobalSection(SolutionProperties) = preSolution
		HideSolutionNode = FALSE
	EndGlobalSection
	GlobalSection(NestedProjects) = preSolution
		{4B486AF7-7D4F-4A0D-B22E-F9E5B5411B88} = {8C9D31E8-8BA6-4B00-9540-D36F8E3C8E6E}
		{8BBEBD57-C694-4431-A7F2-5F350D06AFAA} = {8C9D31E8-8BA6-4B00-9540-D36F8E3C8E6E}
		{6CFE254D-3A7D-4ED6-865F-D4FEE093DDFD} = {8C9D31E8-8BA6-4B00-9540-D36F8E3C8E6E}
		{ADDC73C8-EB1D-47F8-BA40-D69CF1CB0C7D} = {8C9D31E8-8BA6-4B00-9540-D36F8E3C8E6E}
		{99276AB8-9912-47C9-8B52-373015E42BF1} = {8C9D31E8-8BA6-4B00-9540-D36F8E3C8E6E}
		{DE17B4BE-64F4-4D0F-B6B2-762031D135DE} = {8C9D31E8-8BA6-4B00-9540-D36F8E3C8E6E}
		{674C0D61-A2BE-472A-B9F7-70AD154EFABF} = {8C9D31E8-8BA6-4B00-9540-D36F8E3C8E6E}
		{23C9C900-6437-4C85-A37E-93538C7BD3C9} = {4A46B448-25B6-4E61-85AA-0BF55797884B}
		{419CE848-B53C-4978-9C3A-FD0D14CF0D03} = {4A46B448-25B6-4E61-85AA-0BF55797884B}
		{68F55449-0815-486C-80B2-D44BDE48AE34} = {4A46B448-25B6-4E61-85AA-0BF55797884B}
		{F8EC6C81-7157-4104-BCD3-D8035BD72A4E} = {4A46B448-25B6-4E61-85AA-0BF55797884B}
		{70247091-B380-4961-B479-EECF2BC3CF1D} = {4A46B448-25B6-4E61-85AA-0BF55797884B}
	EndGlobalSection
	GlobalSection(ExtensibilityGlobals) = postSolution
		SolutionGuid = {B34A6046-5F63-4AEB-9DD8-C074F5119AAD}
	EndGlobalSection
EndGlobal
