
Microsoft Visual Studio Solution File, Format Version 12.00
# Visual Studio 15
VisualStudioVersion = 15.0.26730.10
MinimumVisualStudioVersion = 10.0.40219.1
Project("{FAE04EC0-301F-11D3-BF4B-00C04F79EFBC}") = "01_ConnectDB", "01_ConnectDB\01_ConnectDB.csproj", "{2C713BEC-A959-460A-908C-F8DA7AF78DC4}"
EndProject
Project("{FAE04EC0-301F-11D3-BF4B-00C04F79EFBC}") = "02_ADOBasic", "02_大项目\02_ADOBasic.csproj", "{D74C5C6B-9E57-41D8-A018-C0D0AD88E9D0}"
EndProject
Project("{FAE04EC0-301F-11D3-BF4B-00C04F79EFBC}") = "03_登录案例", "03_登录案例\03_登录案例.csproj", "{8ADED3ED-8C13-453F-BA06-0BCA0AC44B6D}"
EndProject
Project("{FAE04EC0-301F-11D3-BF4B-00C04F79EFBC}") = "04_导出数据", "04_导入数据\04_导出数据.csproj", "{9C836CC9-515C-428F-868E-B221AC699724}"
EndProject
Project("{FAE04EC0-301F-11D3-BF4B-00C04F79EFBC}") = "05_导入数据", "05_导入数据\05_导入数据.csproj", "{8307F88D-F577-4009-9EEA-6B95771851B6}"
EndProject
Project("{FAE04EC0-301F-11D3-BF4B-00C04F79EFBC}") = "07_大项目", "06_大项目\07_大项目.csproj", "{3938ABF7-8D38-494F-A6FD-4614BCD610A7}"
EndProject
Project("{FAE04EC0-301F-11D3-BF4B-00C04F79EFBC}") = "07_大项目01", "06_大项目01\07_大项目01.csproj", "{BA6C50C6-A21C-4E65-BC02-2C5B77FB4491}"
EndProject
Project("{FAE04EC0-301F-11D3-BF4B-00C04F79EFBC}") = "06_省市联动", "07_省市联动\06_省市联动.csproj", "{05EC3D28-FB5D-440F-9DC4-7FD11695BD42}"
EndProject
Project("{FAE04EC0-301F-11D3-BF4B-00C04F79EFBC}") = "08_事件传值", "08_事件传值\08_事件传值.csproj", "{C6C5CCD1-BF77-47DE-A8B2-474C8500D477}"
EndProject
Project("{FAE04EC0-301F-11D3-BF4B-00C04F79EFBC}") = "09_序列化", "09_序列化\09_序列化.csproj", "{2D84B25B-642B-4CCB-8A39-515403C106A3}"
EndProject
Project("{FAE04EC0-301F-11D3-BF4B-00C04F79EFBC}") = "10_NULL的问题", "10_NULL的问题\10_NULL的问题.csproj", "{FC77E5AC-6B1C-41DA-BB5A-D422B27B6D3C}"
EndProject
Project("{FAE04EC0-301F-11D3-BF4B-00C04F79EFBC}") = "11_资料管理器", "11_资料管理器\11_资料管理器.csproj", "{FEEA0DF4-3E1B-4A01-B9F0-96233E6161CF}"
EndProject
Project("{FAE04EC0-301F-11D3-BF4B-00C04F79EFBC}") = "12_显示学生", "12_显示学生\12_显示学生.csproj", "{0EEEF8C6-B331-49CE-8565-F9EE4173C79E}"
EndProject
Project("{FAE04EC0-301F-11D3-BF4B-00C04F79EFBC}") = "13_临时数据库", "13_临时数据库\13_临时数据库.csproj", "{4C287AE5-3E9A-4E14-8CF7-64751DB08936}"
EndProject
Global
	GlobalSection(SolutionConfigurationPlatforms) = preSolution
		Debug|Any CPU = Debug|Any CPU
		Debug|x86 = Debug|x86
		Release|Any CPU = Release|Any CPU
		Release|x86 = Release|x86
	EndGlobalSection
	GlobalSection(ProjectConfigurationPlatforms) = postSolution
		{2C713BEC-A959-460A-908C-F8DA7AF78DC4}.Debug|Any CPU.ActiveCfg = Debug|Any CPU
		{2C713BEC-A959-460A-908C-F8DA7AF78DC4}.Debug|Any CPU.Build.0 = Debug|Any CPU
		{2C713BEC-A959-460A-908C-F8DA7AF78DC4}.Debug|x86.ActiveCfg = Debug|Any CPU
		{2C713BEC-A959-460A-908C-F8DA7AF78DC4}.Debug|x86.Build.0 = Debug|Any CPU
		{2C713BEC-A959-460A-908C-F8DA7AF78DC4}.Release|Any CPU.ActiveCfg = Release|Any CPU
		{2C713BEC-A959-460A-908C-F8DA7AF78DC4}.Release|Any CPU.Build.0 = Release|Any CPU
		{2C713BEC-A959-460A-908C-F8DA7AF78DC4}.Release|x86.ActiveCfg = Release|Any CPU
		{2C713BEC-A959-460A-908C-F8DA7AF78DC4}.Release|x86.Build.0 = Release|Any CPU
		{D74C5C6B-9E57-41D8-A018-C0D0AD88E9D0}.Debug|Any CPU.ActiveCfg = Debug|x86
		{D74C5C6B-9E57-41D8-A018-C0D0AD88E9D0}.Debug|Any CPU.Build.0 = Debug|x86
		{D74C5C6B-9E57-41D8-A018-C0D0AD88E9D0}.Debug|x86.ActiveCfg = Debug|x86
		{D74C5C6B-9E57-41D8-A018-C0D0AD88E9D0}.Debug|x86.Build.0 = Debug|x86
		{D74C5C6B-9E57-41D8-A018-C0D0AD88E9D0}.Release|Any CPU.ActiveCfg = Release|x86
		{D74C5C6B-9E57-41D8-A018-C0D0AD88E9D0}.Release|x86.ActiveCfg = Release|x86
		{D74C5C6B-9E57-41D8-A018-C0D0AD88E9D0}.Release|x86.Build.0 = Release|x86
		{8ADED3ED-8C13-453F-BA06-0BCA0AC44B6D}.Debug|Any CPU.ActiveCfg = Debug|x86
		{8ADED3ED-8C13-453F-BA06-0BCA0AC44B6D}.Debug|Any CPU.Build.0 = Debug|x86
		{8ADED3ED-8C13-453F-BA06-0BCA0AC44B6D}.Debug|x86.ActiveCfg = Debug|x86
		{8ADED3ED-8C13-453F-BA06-0BCA0AC44B6D}.Debug|x86.Build.0 = Debug|x86
		{8ADED3ED-8C13-453F-BA06-0BCA0AC44B6D}.Release|Any CPU.ActiveCfg = Release|x86
		{8ADED3ED-8C13-453F-BA06-0BCA0AC44B6D}.Release|x86.ActiveCfg = Release|x86
		{8ADED3ED-8C13-453F-BA06-0BCA0AC44B6D}.Release|x86.Build.0 = Release|x86
		{9C836CC9-515C-428F-868E-B221AC699724}.Debug|Any CPU.ActiveCfg = Debug|x86
		{9C836CC9-515C-428F-868E-B221AC699724}.Debug|Any CPU.Build.0 = Debug|x86
		{9C836CC9-515C-428F-868E-B221AC699724}.Debug|x86.ActiveCfg = Debug|x86
		{9C836CC9-515C-428F-868E-B221AC699724}.Debug|x86.Build.0 = Debug|x86
		{9C836CC9-515C-428F-868E-B221AC699724}.Release|Any CPU.ActiveCfg = Release|x86
		{9C836CC9-515C-428F-868E-B221AC699724}.Release|x86.ActiveCfg = Release|x86
		{9C836CC9-515C-428F-868E-B221AC699724}.Release|x86.Build.0 = Release|x86
		{8307F88D-F577-4009-9EEA-6B95771851B6}.Debug|Any CPU.ActiveCfg = Debug|x86
		{8307F88D-F577-4009-9EEA-6B95771851B6}.Debug|Any CPU.Build.0 = Debug|x86
		{8307F88D-F577-4009-9EEA-6B95771851B6}.Debug|x86.ActiveCfg = Debug|x86
		{8307F88D-F577-4009-9EEA-6B95771851B6}.Debug|x86.Build.0 = Debug|x86
		{8307F88D-F577-4009-9EEA-6B95771851B6}.Release|Any CPU.ActiveCfg = Release|x86
		{8307F88D-F577-4009-9EEA-6B95771851B6}.Release|x86.ActiveCfg = Release|x86
		{8307F88D-F577-4009-9EEA-6B95771851B6}.Release|x86.Build.0 = Release|x86
		{3938ABF7-8D38-494F-A6FD-4614BCD610A7}.Debug|Any CPU.ActiveCfg = Debug|x86
		{3938ABF7-8D38-494F-A6FD-4614BCD610A7}.Debug|Any CPU.Build.0 = Debug|x86
		{3938ABF7-8D38-494F-A6FD-4614BCD610A7}.Debug|x86.ActiveCfg = Debug|x86
		{3938ABF7-8D38-494F-A6FD-4614BCD610A7}.Debug|x86.Build.0 = Debug|x86
		{3938ABF7-8D38-494F-A6FD-4614BCD610A7}.Release|Any CPU.ActiveCfg = Release|x86
		{3938ABF7-8D38-494F-A6FD-4614BCD610A7}.Release|x86.ActiveCfg = Release|x86
		{3938ABF7-8D38-494F-A6FD-4614BCD610A7}.Release|x86.Build.0 = Release|x86
		{BA6C50C6-A21C-4E65-BC02-2C5B77FB4491}.Debug|Any CPU.ActiveCfg = Debug|x86
		{BA6C50C6-A21C-4E65-BC02-2C5B77FB4491}.Debug|Any CPU.Build.0 = Debug|x86
		{BA6C50C6-A21C-4E65-BC02-2C5B77FB4491}.Debug|x86.ActiveCfg = Debug|x86
		{BA6C50C6-A21C-4E65-BC02-2C5B77FB4491}.Debug|x86.Build.0 = Debug|x86
		{BA6C50C6-A21C-4E65-BC02-2C5B77FB4491}.Release|Any CPU.ActiveCfg = Release|x86
		{BA6C50C6-A21C-4E65-BC02-2C5B77FB4491}.Release|x86.ActiveCfg = Release|x86
		{BA6C50C6-A21C-4E65-BC02-2C5B77FB4491}.Release|x86.Build.0 = Release|x86
		{05EC3D28-FB5D-440F-9DC4-7FD11695BD42}.Debug|Any CPU.ActiveCfg = Debug|x86
		{05EC3D28-FB5D-440F-9DC4-7FD11695BD42}.Debug|Any CPU.Build.0 = Debug|x86
		{05EC3D28-FB5D-440F-9DC4-7FD11695BD42}.Debug|x86.ActiveCfg = Debug|x86
		{05EC3D28-FB5D-440F-9DC4-7FD11695BD42}.Debug|x86.Build.0 = Debug|x86
		{05EC3D28-FB5D-440F-9DC4-7FD11695BD42}.Release|Any CPU.ActiveCfg = Release|x86
		{05EC3D28-FB5D-440F-9DC4-7FD11695BD42}.Release|x86.ActiveCfg = Release|x86
		{05EC3D28-FB5D-440F-9DC4-7FD11695BD42}.Release|x86.Build.0 = Release|x86
		{C6C5CCD1-BF77-47DE-A8B2-474C8500D477}.Debug|Any CPU.ActiveCfg = Debug|x86
		{C6C5CCD1-BF77-47DE-A8B2-474C8500D477}.Debug|Any CPU.Build.0 = Debug|x86
		{C6C5CCD1-BF77-47DE-A8B2-474C8500D477}.Debug|x86.ActiveCfg = Debug|x86
		{C6C5CCD1-BF77-47DE-A8B2-474C8500D477}.Debug|x86.Build.0 = Debug|x86
		{C6C5CCD1-BF77-47DE-A8B2-474C8500D477}.Release|Any CPU.ActiveCfg = Release|x86
		{C6C5CCD1-BF77-47DE-A8B2-474C8500D477}.Release|x86.ActiveCfg = Release|x86
		{C6C5CCD1-BF77-47DE-A8B2-474C8500D477}.Release|x86.Build.0 = Release|x86
		{2D84B25B-642B-4CCB-8A39-515403C106A3}.Debug|Any CPU.ActiveCfg = Debug|x86
		{2D84B25B-642B-4CCB-8A39-515403C106A3}.Debug|Any CPU.Build.0 = Debug|x86
		{2D84B25B-642B-4CCB-8A39-515403C106A3}.Debug|x86.ActiveCfg = Debug|x86
		{2D84B25B-642B-4CCB-8A39-515403C106A3}.Debug|x86.Build.0 = Debug|x86
		{2D84B25B-642B-4CCB-8A39-515403C106A3}.Release|Any CPU.ActiveCfg = Release|x86
		{2D84B25B-642B-4CCB-8A39-515403C106A3}.Release|x86.ActiveCfg = Release|x86
		{2D84B25B-642B-4CCB-8A39-515403C106A3}.Release|x86.Build.0 = Release|x86
		{FC77E5AC-6B1C-41DA-BB5A-D422B27B6D3C}.Debug|Any CPU.ActiveCfg = Debug|x86
		{FC77E5AC-6B1C-41DA-BB5A-D422B27B6D3C}.Debug|Any CPU.Build.0 = Debug|x86
		{FC77E5AC-6B1C-41DA-BB5A-D422B27B6D3C}.Debug|x86.ActiveCfg = Debug|x86
		{FC77E5AC-6B1C-41DA-BB5A-D422B27B6D3C}.Debug|x86.Build.0 = Debug|x86
		{FC77E5AC-6B1C-41DA-BB5A-D422B27B6D3C}.Release|Any CPU.ActiveCfg = Release|x86
		{FC77E5AC-6B1C-41DA-BB5A-D422B27B6D3C}.Release|x86.ActiveCfg = Release|x86
		{FC77E5AC-6B1C-41DA-BB5A-D422B27B6D3C}.Release|x86.Build.0 = Release|x86
		{FEEA0DF4-3E1B-4A01-B9F0-96233E6161CF}.Debug|Any CPU.ActiveCfg = Debug|x86
		{FEEA0DF4-3E1B-4A01-B9F0-96233E6161CF}.Debug|Any CPU.Build.0 = Debug|x86
		{FEEA0DF4-3E1B-4A01-B9F0-96233E6161CF}.Debug|x86.ActiveCfg = Debug|x86
		{FEEA0DF4-3E1B-4A01-B9F0-96233E6161CF}.Debug|x86.Build.0 = Debug|x86
		{FEEA0DF4-3E1B-4A01-B9F0-96233E6161CF}.Release|Any CPU.ActiveCfg = Release|x86
		{FEEA0DF4-3E1B-4A01-B9F0-96233E6161CF}.Release|x86.ActiveCfg = Release|x86
		{FEEA0DF4-3E1B-4A01-B9F0-96233E6161CF}.Release|x86.Build.0 = Release|x86
		{0EEEF8C6-B331-49CE-8565-F9EE4173C79E}.Debug|Any CPU.ActiveCfg = Debug|x86
		{0EEEF8C6-B331-49CE-8565-F9EE4173C79E}.Debug|Any CPU.Build.0 = Debug|x86
		{0EEEF8C6-B331-49CE-8565-F9EE4173C79E}.Debug|x86.ActiveCfg = Debug|x86
		{0EEEF8C6-B331-49CE-8565-F9EE4173C79E}.Debug|x86.Build.0 = Debug|x86
		{0EEEF8C6-B331-49CE-8565-F9EE4173C79E}.Release|Any CPU.ActiveCfg = Release|x86
		{0EEEF8C6-B331-49CE-8565-F9EE4173C79E}.Release|x86.ActiveCfg = Release|x86
		{0EEEF8C6-B331-49CE-8565-F9EE4173C79E}.Release|x86.Build.0 = Release|x86
		{4C287AE5-3E9A-4E14-8CF7-64751DB08936}.Debug|Any CPU.ActiveCfg = Debug|x86
		{4C287AE5-3E9A-4E14-8CF7-64751DB08936}.Debug|Any CPU.Build.0 = Debug|x86
		{4C287AE5-3E9A-4E14-8CF7-64751DB08936}.Debug|x86.ActiveCfg = Debug|x86
		{4C287AE5-3E9A-4E14-8CF7-64751DB08936}.Debug|x86.Build.0 = Debug|x86
		{4C287AE5-3E9A-4E14-8CF7-64751DB08936}.Release|Any CPU.ActiveCfg = Release|x86
		{4C287AE5-3E9A-4E14-8CF7-64751DB08936}.Release|x86.ActiveCfg = Release|x86
		{4C287AE5-3E9A-4E14-8CF7-64751DB08936}.Release|x86.Build.0 = Release|x86
	EndGlobalSection
	GlobalSection(SolutionProperties) = preSolution
		HideSolutionNode = FALSE
	EndGlobalSection
	GlobalSection(ExtensibilityGlobals) = postSolution
		SolutionGuid = {3807EEC1-2E88-43D6-A8A9-32EC3182FF2F}
	EndGlobalSection
EndGlobal
