
Microsoft Visual Studio Solution File, Format Version 12.00
# Visual Studio 15
VisualStudioVersion = 15.0.26730.10
MinimumVisualStudioVersion = 10.0.40219.1
Project("{FAE04EC0-301F-11D3-BF4B-00C04F79EFBC}") = "WindowsFormsApplication1", "WindowsFormsApplication1\WindowsFormsApplication1.csproj", "{F35E1E1F-F9F5-4ECC-81DE-EA9208859703}"
EndProject
Project("{FAE04EC0-301F-11D3-BF4B-00C04F79EFBC}") = "DoYouLoveMe", "DoYouLoveMe\DoYouLoveMe.csproj", "{1BB80B72-63F9-47CB-BF39-34C1B8185C3A}"
EndProject
Project("{FAE04EC0-301F-11D3-BF4B-00C04F79EFBC}") = "_Timer练习", "_Timer练习\_Timer练习.csproj", "{E9D0F7ED-D153-48B5-84D7-CB8D3AD7BFE8}"
EndProject
Project("{FAE04EC0-301F-11D3-BF4B-00C04F79EFBC}") = "_简单记事本", "_简单记事本\_简单记事本.csproj", "{D7AB4312-F7A9-4307-B871-92B7CFBC48AD}"
EndProject
Project("{FAE04EC0-301F-11D3-BF4B-00C04F79EFBC}") = "_MDI窗体设计", "_MDI窗体设计\_MDI窗体设计.csproj", "{3048A4F4-C466-4300-9021-F5D9EC778FCF}"
EndProject
Project("{FAE04EC0-301F-11D3-BF4B-00C04F79EFBC}") = "_图片的翻页", "_图片的翻页\_图片的翻页.csproj", "{295FCB67-42E2-4CEA-B27E-38C4881145DA}"
EndProject
Project("{FAE04EC0-301F-11D3-BF4B-00C04F79EFBC}") = "_webBrowser使用", "_webBrowser使用\_webBrowser使用.csproj", "{EA3D487B-FBFD-42D5-B842-614AF47F45D9}"
EndProject
Project("{FAE04EC0-301F-11D3-BF4B-00C04F79EFBC}") = "_日期选择器", "_日期选择器\_日期选择器.csproj", "{0835C8DF-496F-4FA4-95BA-35E6C823009F}"
EndProject
Project("{FAE04EC0-301F-11D3-BF4B-00C04F79EFBC}") = "_点击更换照片", "_点击更换照片\_点击更换照片.csproj", "{1C2C44D2-93AD-4C9C-BC65-EFF8879F84E3}"
EndProject
Project("{FAE04EC0-301F-11D3-BF4B-00C04F79EFBC}") = "石头剪刀布", "石头剪刀布\石头剪刀布.csproj", "{AB88F086-CEA9-49A5-A193-4A2C7E12D8A3}"
EndProject
Project("{FAE04EC0-301F-11D3-BF4B-00C04F79EFBC}") = "_OpenFileDialog", "_打开对话框\_OpenFileDialog.csproj", "{1003B896-391F-4FD8-BDA1-3797A0098AD8}"
EndProject
Project("{FAE04EC0-301F-11D3-BF4B-00C04F79EFBC}") = "_保存文件对话框", "_保存文件对话框\_保存文件对话框.csproj", "{9A0EE54C-091A-4CCD-B73E-D573334A2716}"
EndProject
Project("{FAE04EC0-301F-11D3-BF4B-00C04F79EFBC}") = "_颜色字体对话框", "_颜色字体对话框\_颜色字体对话框.csproj", "{A3D8CBB2-2DF5-4C40-94BE-810BBB254059}"
EndProject
Project("{FAE04EC0-301F-11D3-BF4B-00C04F79EFBC}") = "_记事本应用程序", "_记事本应用程序\_记事本应用程序.csproj", "{269E57CA-D3FF-47C8-96E6-1149D5E08DAE}"
EndProject
Project("{FAE04EC0-301F-11D3-BF4B-00C04F79EFBC}") = "_MusicPlayer", "_播放上一首下一首音乐\_MusicPlayer.csproj", "{F24BFC58-A119-4207-9C8C-3F6463A369BF}"
EndProject
Project("{FAE04EC0-301F-11D3-BF4B-00C04F79EFBC}") = "_Thread", "_摇奖机\_Thread.csproj", "{1BB8F507-E5A1-4643-A070-EF1566C15987}"
EndProject
Project("{FAE04EC0-301F-11D3-BF4B-00C04F79EFBC}") = "_GDI_Line", "_GDI_Line\_GDI_Line.csproj", "{6BA0A406-78D2-442B-951E-9AF922381218}"
EndProject
Project("{FAE04EC0-301F-11D3-BF4B-00C04F79EFBC}") = "_验证码", "_验证码\_验证码.csproj", "{0F022A69-77D3-4686-BF42-D35459300814}"
EndProject
Project("{FAE04EC0-301F-11D3-BF4B-00C04F79EFBC}") = "_单例模式", "_单例模式\_单例模式.csproj", "{FC5CD14B-67AA-4661-869C-97806ED72D6D}"
EndProject
Project("{FAE04EC0-301F-11D3-BF4B-00C04F79EFBC}") = "_窗口传值", "_窗口传值\_窗口传值.csproj", "{2C0F0EB4-4A8C-4F4D-9311-F645E3DFAC34}"
EndProject
Global
	GlobalSection(SolutionConfigurationPlatforms) = preSolution
		Debug|x86 = Debug|x86
		Release|x86 = Release|x86
	EndGlobalSection
	GlobalSection(ProjectConfigurationPlatforms) = postSolution
		{F35E1E1F-F9F5-4ECC-81DE-EA9208859703}.Debug|x86.ActiveCfg = Debug|x86
		{F35E1E1F-F9F5-4ECC-81DE-EA9208859703}.Debug|x86.Build.0 = Debug|x86
		{F35E1E1F-F9F5-4ECC-81DE-EA9208859703}.Release|x86.ActiveCfg = Release|x86
		{F35E1E1F-F9F5-4ECC-81DE-EA9208859703}.Release|x86.Build.0 = Release|x86
		{1BB80B72-63F9-47CB-BF39-34C1B8185C3A}.Debug|x86.ActiveCfg = Debug|x86
		{1BB80B72-63F9-47CB-BF39-34C1B8185C3A}.Debug|x86.Build.0 = Debug|x86
		{1BB80B72-63F9-47CB-BF39-34C1B8185C3A}.Release|x86.ActiveCfg = Release|x86
		{1BB80B72-63F9-47CB-BF39-34C1B8185C3A}.Release|x86.Build.0 = Release|x86
		{E9D0F7ED-D153-48B5-84D7-CB8D3AD7BFE8}.Debug|x86.ActiveCfg = Debug|x86
		{E9D0F7ED-D153-48B5-84D7-CB8D3AD7BFE8}.Debug|x86.Build.0 = Debug|x86
		{E9D0F7ED-D153-48B5-84D7-CB8D3AD7BFE8}.Release|x86.ActiveCfg = Release|x86
		{E9D0F7ED-D153-48B5-84D7-CB8D3AD7BFE8}.Release|x86.Build.0 = Release|x86
		{D7AB4312-F7A9-4307-B871-92B7CFBC48AD}.Debug|x86.ActiveCfg = Debug|x86
		{D7AB4312-F7A9-4307-B871-92B7CFBC48AD}.Debug|x86.Build.0 = Debug|x86
		{D7AB4312-F7A9-4307-B871-92B7CFBC48AD}.Release|x86.ActiveCfg = Release|x86
		{D7AB4312-F7A9-4307-B871-92B7CFBC48AD}.Release|x86.Build.0 = Release|x86
		{3048A4F4-C466-4300-9021-F5D9EC778FCF}.Debug|x86.ActiveCfg = Debug|x86
		{3048A4F4-C466-4300-9021-F5D9EC778FCF}.Debug|x86.Build.0 = Debug|x86
		{3048A4F4-C466-4300-9021-F5D9EC778FCF}.Release|x86.ActiveCfg = Release|x86
		{3048A4F4-C466-4300-9021-F5D9EC778FCF}.Release|x86.Build.0 = Release|x86
		{295FCB67-42E2-4CEA-B27E-38C4881145DA}.Debug|x86.ActiveCfg = Debug|x86
		{295FCB67-42E2-4CEA-B27E-38C4881145DA}.Debug|x86.Build.0 = Debug|x86
		{295FCB67-42E2-4CEA-B27E-38C4881145DA}.Release|x86.ActiveCfg = Release|x86
		{295FCB67-42E2-4CEA-B27E-38C4881145DA}.Release|x86.Build.0 = Release|x86
		{EA3D487B-FBFD-42D5-B842-614AF47F45D9}.Debug|x86.ActiveCfg = Debug|x86
		{EA3D487B-FBFD-42D5-B842-614AF47F45D9}.Debug|x86.Build.0 = Debug|x86
		{EA3D487B-FBFD-42D5-B842-614AF47F45D9}.Release|x86.ActiveCfg = Release|x86
		{EA3D487B-FBFD-42D5-B842-614AF47F45D9}.Release|x86.Build.0 = Release|x86
		{0835C8DF-496F-4FA4-95BA-35E6C823009F}.Debug|x86.ActiveCfg = Debug|x86
		{0835C8DF-496F-4FA4-95BA-35E6C823009F}.Debug|x86.Build.0 = Debug|x86
		{0835C8DF-496F-4FA4-95BA-35E6C823009F}.Release|x86.ActiveCfg = Release|x86
		{0835C8DF-496F-4FA4-95BA-35E6C823009F}.Release|x86.Build.0 = Release|x86
		{1C2C44D2-93AD-4C9C-BC65-EFF8879F84E3}.Debug|x86.ActiveCfg = Debug|x86
		{1C2C44D2-93AD-4C9C-BC65-EFF8879F84E3}.Debug|x86.Build.0 = Debug|x86
		{1C2C44D2-93AD-4C9C-BC65-EFF8879F84E3}.Release|x86.ActiveCfg = Release|x86
		{1C2C44D2-93AD-4C9C-BC65-EFF8879F84E3}.Release|x86.Build.0 = Release|x86
		{AB88F086-CEA9-49A5-A193-4A2C7E12D8A3}.Debug|x86.ActiveCfg = Debug|x86
		{AB88F086-CEA9-49A5-A193-4A2C7E12D8A3}.Debug|x86.Build.0 = Debug|x86
		{AB88F086-CEA9-49A5-A193-4A2C7E12D8A3}.Release|x86.ActiveCfg = Release|x86
		{AB88F086-CEA9-49A5-A193-4A2C7E12D8A3}.Release|x86.Build.0 = Release|x86
		{1003B896-391F-4FD8-BDA1-3797A0098AD8}.Debug|x86.ActiveCfg = Debug|x86
		{1003B896-391F-4FD8-BDA1-3797A0098AD8}.Debug|x86.Build.0 = Debug|x86
		{1003B896-391F-4FD8-BDA1-3797A0098AD8}.Release|x86.ActiveCfg = Release|x86
		{1003B896-391F-4FD8-BDA1-3797A0098AD8}.Release|x86.Build.0 = Release|x86
		{9A0EE54C-091A-4CCD-B73E-D573334A2716}.Debug|x86.ActiveCfg = Debug|x86
		{9A0EE54C-091A-4CCD-B73E-D573334A2716}.Debug|x86.Build.0 = Debug|x86
		{9A0EE54C-091A-4CCD-B73E-D573334A2716}.Release|x86.ActiveCfg = Release|x86
		{9A0EE54C-091A-4CCD-B73E-D573334A2716}.Release|x86.Build.0 = Release|x86
		{A3D8CBB2-2DF5-4C40-94BE-810BBB254059}.Debug|x86.ActiveCfg = Debug|x86
		{A3D8CBB2-2DF5-4C40-94BE-810BBB254059}.Debug|x86.Build.0 = Debug|x86
		{A3D8CBB2-2DF5-4C40-94BE-810BBB254059}.Release|x86.ActiveCfg = Release|x86
		{A3D8CBB2-2DF5-4C40-94BE-810BBB254059}.Release|x86.Build.0 = Release|x86
		{269E57CA-D3FF-47C8-96E6-1149D5E08DAE}.Debug|x86.ActiveCfg = Debug|x86
		{269E57CA-D3FF-47C8-96E6-1149D5E08DAE}.Debug|x86.Build.0 = Debug|x86
		{269E57CA-D3FF-47C8-96E6-1149D5E08DAE}.Release|x86.ActiveCfg = Release|x86
		{269E57CA-D3FF-47C8-96E6-1149D5E08DAE}.Release|x86.Build.0 = Release|x86
		{F24BFC58-A119-4207-9C8C-3F6463A369BF}.Debug|x86.ActiveCfg = Debug|x86
		{F24BFC58-A119-4207-9C8C-3F6463A369BF}.Debug|x86.Build.0 = Debug|x86
		{F24BFC58-A119-4207-9C8C-3F6463A369BF}.Release|x86.ActiveCfg = Release|x86
		{F24BFC58-A119-4207-9C8C-3F6463A369BF}.Release|x86.Build.0 = Release|x86
		{1BB8F507-E5A1-4643-A070-EF1566C15987}.Debug|x86.ActiveCfg = Debug|x86
		{1BB8F507-E5A1-4643-A070-EF1566C15987}.Debug|x86.Build.0 = Debug|x86
		{1BB8F507-E5A1-4643-A070-EF1566C15987}.Release|x86.ActiveCfg = Release|x86
		{1BB8F507-E5A1-4643-A070-EF1566C15987}.Release|x86.Build.0 = Release|x86
		{6BA0A406-78D2-442B-951E-9AF922381218}.Debug|x86.ActiveCfg = Debug|x86
		{6BA0A406-78D2-442B-951E-9AF922381218}.Debug|x86.Build.0 = Debug|x86
		{6BA0A406-78D2-442B-951E-9AF922381218}.Release|x86.ActiveCfg = Release|x86
		{6BA0A406-78D2-442B-951E-9AF922381218}.Release|x86.Build.0 = Release|x86
		{0F022A69-77D3-4686-BF42-D35459300814}.Debug|x86.ActiveCfg = Debug|x86
		{0F022A69-77D3-4686-BF42-D35459300814}.Debug|x86.Build.0 = Debug|x86
		{0F022A69-77D3-4686-BF42-D35459300814}.Release|x86.ActiveCfg = Release|x86
		{0F022A69-77D3-4686-BF42-D35459300814}.Release|x86.Build.0 = Release|x86
		{FC5CD14B-67AA-4661-869C-97806ED72D6D}.Debug|x86.ActiveCfg = Debug|x86
		{FC5CD14B-67AA-4661-869C-97806ED72D6D}.Debug|x86.Build.0 = Debug|x86
		{FC5CD14B-67AA-4661-869C-97806ED72D6D}.Release|x86.ActiveCfg = Release|x86
		{FC5CD14B-67AA-4661-869C-97806ED72D6D}.Release|x86.Build.0 = Release|x86
		{2C0F0EB4-4A8C-4F4D-9311-F645E3DFAC34}.Debug|x86.ActiveCfg = Debug|x86
		{2C0F0EB4-4A8C-4F4D-9311-F645E3DFAC34}.Debug|x86.Build.0 = Debug|x86
		{2C0F0EB4-4A8C-4F4D-9311-F645E3DFAC34}.Release|x86.ActiveCfg = Release|x86
		{2C0F0EB4-4A8C-4F4D-9311-F645E3DFAC34}.Release|x86.Build.0 = Release|x86
	EndGlobalSection
	GlobalSection(SolutionProperties) = preSolution
		HideSolutionNode = FALSE
	EndGlobalSection
	GlobalSection(ExtensibilityGlobals) = postSolution
		SolutionGuid = {F5D0D9C9-B1C1-40EF-920E-8AC28BD5253C}
	EndGlobalSection
EndGlobal
